// !$*UTF8*$!
{
	archiveVersion = 1;
	classes = {
	};
	objectVersion = 56;
	objects = {
		/* Begin PBXBuildFile section */
		C00000000000000000000030 /* OPNAppDelegateDesktop.swift in PBXBuildFile */ = {isa = PBXBuildFile; fileRef = C00000000000000000000041 /* OPNAppDelegateDesktop.swift */; };
		C00000000000000000000031 /* OPNAppDelegateStreaming.swift in PBXBuildFile */ = {isa = PBXBuildFile; fileRef = C00000000000000000000042 /* OPNAppDelegateStreaming.swift */; };
		C00000000000000000000047 /* OPNActiveSessionService.swift in PBXBuildFile */ = {isa = PBXBuildFile; fileRef = C00000000000000000000048 /* OPNActiveSessionService.swift */; };
		C00000000000000000000032 /* OPNAppDelegateGameLaunch.swift in PBXBuildFile */ = {isa = PBXBuildFile; fileRef = C00000000000000000000043 /* OPNAppDelegateGameLaunch.swift */; };
		C00000000000000000000033 /* OPNAppDelegateNavigation.swift in PBXBuildFile */ = {isa = PBXBuildFile; fileRef = C00000000000000000000044 /* OPNAppDelegateNavigation.swift */; };
		C00000000000000000000034 /* OPNAppDelegateCatalog.swift in PBXBuildFile */ = {isa = PBXBuildFile; fileRef = C00000000000000000000045 /* OPNAppDelegateCatalog.swift */; };
		C00000000000000000000035 /* OPNAppDelegateSupport.swift in PBXBuildFile */ = {isa = PBXBuildFile; fileRef = C00000000000000000000046 /* OPNAppDelegateSupport.swift */; };
		3BC225D2A5926453B554382C /* OPNUIHelpers.swift in PBXBuildFile */ = {
			isa = PBXBuildFile;
			fileRef = 957905FB492F42AD9B576509;
		};
		E00000000000000000000038 /* OPNCloudmatchServerPickerView.swift in PBXBuildFile */ = {isa = PBXBuildFile; fileRef = E00000000000000000000039; };
		E61312258EEB2041AA067B25 /* OPNGameCatalogView.swift in PBXBuildFile */ = {isa = PBXBuildFile; fileRef = AD0614C0EE6F7B83442E87EC /* OPNGameCatalogView.swift in PBXFileReference */; };
		E61312258EEB2041AA067B26 /* OPNGameCatalogModelSupport.swift in PBXBuildFile */ = {isa = PBXBuildFile; fileRef = AD0614C0EE6F7B83442E87ED /* OPNGameCatalogModelSupport.swift in PBXFileReference */; };
		D0000000000000000000003C /* OPNGameCatalogLayoutSupport.swift in PBXBuildFile */ = {isa = PBXBuildFile; fileRef = D0000000000000000000004D /* OPNGameCatalogLayoutSupport.swift */; };
		D0000000000000000000003B /* OPNGameCatalogSearchSupport.swift in PBXBuildFile */ = {isa = PBXBuildFile; fileRef = D0000000000000000000004C /* OPNGameCatalogSearchSupport.swift */; };
		D00000000000000000000032 /* OPNGameCatalogArtworkSupport.swift in PBXBuildFile */ = {isa = PBXBuildFile; fileRef = D00000000000000000000042 /* OPNGameCatalogArtworkSupport.swift */; };
		D00000000000000000000033 /* OPNGameCatalogMetadataSupport.swift in PBXBuildFile */ = {isa = PBXBuildFile; fileRef = D00000000000000000000043 /* OPNGameCatalogMetadataSupport.swift */; };
		D00000000000000000000034 /* OPNStoreGameTile.swift in PBXBuildFile */ = {isa = PBXBuildFile; fileRef = D00000000000000000000044 /* OPNStoreGameTile.swift */; };
		D00000000000000000000036 /* OPNGameCatalogView+Data.swift in PBXBuildFile */ = {isa = PBXBuildFile; fileRef = D00000000000000000000046 /* OPNGameCatalogView+Data.swift */; };
		D00000000000000000000037 /* OPNGameCatalogView+Search.swift in PBXBuildFile */ = {isa = PBXBuildFile; fileRef = D00000000000000000000047 /* OPNGameCatalogView+Search.swift */; };
		D00000000000000000000038 /* OPNGameCatalogView+Hero.swift in PBXBuildFile */ = {isa = PBXBuildFile; fileRef = D00000000000000000000048 /* OPNGameCatalogView+Hero.swift */; };
		D00000000000000000000039 /* OPNGameCatalogView+Rendering.swift in PBXBuildFile */ = {isa = PBXBuildFile; fileRef = D00000000000000000000049 /* OPNGameCatalogView+Rendering.swift */; };
		13182ACD531F1FAD11E51698 /* OPNStreamRecordingManager.swift in PBXBuildFile */ = {
			isa = PBXBuildFile;
			fileRef = 3030D7D1FFA6262DEDB1FB76;
		};
		E00000000000000000000030 /* OPNWebSocketSignalingClient.swift in PBXBuildFile */ = {isa = PBXBuildFile; fileRef = E00000000000000000000031; };
		E00000000000000000000033 /* OPNSessionReportPayload.swift in PBXBuildFile */ = {isa = PBXBuildFile; fileRef = E00000000000000000000034; };
		33078ABB312F4AD2D88BE57B /* OPNSessionManager.mm in PBXBuildFile */ = {
			isa = PBXBuildFile;
			fileRef = 9C912AAA99573BD7E06A7277;
		};
		6AD819D53010E3BBC30EF1FA /* OPNStreamPreferences.mm in PBXBuildFile */ = {
			isa = PBXBuildFile;
			fileRef = F326430DE067F6EC2D2435E0;
		};
		E00000000000000000000036 /* OPNAuthenticatingView.swift in PBXBuildFile */ = {isa = PBXBuildFile; fileRef = E00000000000000000000037; };
		FE6A155D74A6768A507DF3AB /* OPNStreamView.swift in PBXBuildFile */ = {
			isa = PBXBuildFile;
			fileRef = 24D4F5F148ABE96F6C8D54D7;
		};
		56330183F7065F54C2D88C7F /* ApplicationServices.framework in PBXBuildFile */ = {
			isa = PBXBuildFile;
			fileRef = D928B272EFA8B448F7CF8585;
		};
		3B4CCDD106825E705E33C838 /* AuthenticationServices.framework in PBXBuildFile */ = {
			isa = PBXBuildFile;
			fileRef = 3351CF6EEB747A30AA91CDE3;
		};
		B7F49677C78ABB1ED6E07C13 /* AVFoundation.framework in PBXBuildFile */ = {
			isa = PBXBuildFile;
			fileRef = 69C67B7CFDCBD4BFA8A4BDDB;
		};
		8953374293462F57B5DE59CF /* AVKit.framework in PBXBuildFile */ = {
			isa = PBXBuildFile;
			fileRef = 2DC921A46254106F27A61389;
		};
		7B2A61D44F4E41BDB9A9D104 /* VideoToolbox.framework in PBXBuildFile */ = {
			isa = PBXBuildFile;
			fileRef = 7B2A61D54F4E41BDB9A9D105;
		};
		E0000000000000000000003C /* main.swift in PBXBuildFile */ = {isa = PBXBuildFile; fileRef = E0000000000000000000003D; };
		E000000000000000000000AA /* OPNInputProtocol.swift in PBXBuildFile */ = {isa = PBXBuildFile; fileRef = E000000000000000000000AB; };
		E00000000000000000000044 /* OPNStreamSessionInputBridge.mm in PBXBuildFile */ = {isa = PBXBuildFile; fileRef = E00000000000000000000045; };
		E00000000000000000000047 /* OPNStreamSessionCallbackBridge.mm in PBXBuildFile */ = {isa = PBXBuildFile; fileRef = E00000000000000000000048; };
		E00000000000000000000050 /* OPNStreamSessionLaunchBridge.mm in PBXBuildFile */ = {isa = PBXBuildFile; fileRef = E00000000000000000000051; };
		E00000000000000000000063 /* OPNWebRTCSdpUtils.mm in PBXBuildFile */ = {isa = PBXBuildFile; fileRef = E00000000000000000000064; };
		E00000000000000000000066 /* OPNWebRTCCodecSupport.mm in PBXBuildFile */ = {isa = PBXBuildFile; fileRef = E00000000000000000000067; };
		E0000000000000000000006C /* OPNMetalVideoView.mm in PBXBuildFile */ = {isa = PBXBuildFile; fileRef = E0000000000000000000006D; };
		E0000000000000000000006F /* OPNCoreAudioRTCDevice.mm in PBXBuildFile */ = {isa = PBXBuildFile; fileRef = E00000000000000000000070; };
		E00000000000000000000072 /* OPNLibWebRTCSessionImpl.mm in PBXBuildFile */ = {isa = PBXBuildFile; fileRef = E00000000000000000000073; };
		E00000000000000000000075 /* OPNLibWebRTCInput.mm in PBXBuildFile */ = {isa = PBXBuildFile; fileRef = E00000000000000000000076; };
		E00000000000000000000077 /* OPNLibWebRTCStats.mm in PBXBuildFile */ = {isa = PBXBuildFile; fileRef = E00000000000000000000078; };
		E00000000000000000000079 /* OPNLibWebRTCAudio.mm in PBXBuildFile */ = {isa = PBXBuildFile; fileRef = E0000000000000000000007A; };
		E0000000000000000000007B /* OPNLibWebRTCSessionSurface.mm in PBXBuildFile */ = {isa = PBXBuildFile; fileRef = E0000000000000000000007C; };
		E0000000000000000000007D /* OPNLibWebRTCNegotiation.mm in PBXBuildFile */ = {isa = PBXBuildFile; fileRef = E0000000000000000000007E; };
		E0000000000000000000007F /* OPNStreamSessionHandle.swift in PBXBuildFile */ = {isa = PBXBuildFile; fileRef = E00000000000000000000080; };
		E00000000000000000000082 /* OPNSessionManagerBridge.mm in PBXBuildFile */ = {isa = PBXBuildFile; fileRef = E00000000000000000000083; };
		E00000000000000000000088 /* OPNStreamStatsSnapshot.swift in PBXBuildFile */ = {isa = PBXBuildFile; fileRef = E00000000000000000000089; };
		4EB63AD5790216383B1EAEE0 /* Cocoa.framework in PBXBuildFile */ = {
			isa = PBXBuildFile;
			fileRef = 2725E7B4151D930B8EEC76B0;
		};
		A750DCB728A12BBBBF23C682 /* CoreAudio.framework in PBXBuildFile */ = {
			isa = PBXBuildFile;
			fileRef = EE996F149E2BE5CD1D7B96C5;
		};
		ED1D02AFEB3C955EB4D70A28 /* CoreImage.framework in PBXBuildFile */ = {
			isa = PBXBuildFile;
			fileRef = 5C2052B439E438DCA24889EC;
		};
		9AFDB0810ACB8B82728142E5 /* CoreMedia.framework in PBXBuildFile */ = {
			isa = PBXBuildFile;
			fileRef = A2847DD23C73CB01927B8B6D;
		};
		4A06F3F6B2094450A5049F2A /* CoreVideo.framework in PBXBuildFile */ = {
			isa = PBXBuildFile;
			fileRef = 7F6085DF1B7645F2A9C98D41;
		};
		20E194CFFBA3687D0A48D383 /* OPNPremiumBackdrop.metal in PBXBuildFile */ = {
			isa = PBXBuildFile;
			fileRef = 56C01BA183847B38981C01FD;
		};
		E0000000000000000000009B /* OPNLogCapture.swift in PBXBuildFile */ = {isa = PBXBuildFile; fileRef = E0000000000000000000009A; };
		4C3E83E448564D2B9FBD3A10 /* OPNSentry.swift in PBXBuildFile */ = {
			isa = PBXBuildFile;
			fileRef = 4C3E83E448564D2B9FBD3A11;
		};
		01962D846ADB16CBCA18D4C3 /* OPNLibWebRTCStreamSession.mm in PBXBuildFile */ = {
			isa = PBXBuildFile;
			fileRef = 10F67006C07BB7D2BC133943;
		};
		B7A5D83CDE90AD71AD004AF7 /* OPNStreamViewController.mm in PBXBuildFile */ = {
			isa = PBXBuildFile;
			fileRef = 18F773BA2EBBE6A891CF0545;
		};
		D4D1FDD046EF74604BF789F3 /* GameController.framework in PBXBuildFile */ = {
			isa = PBXBuildFile;
			fileRef = 0B6DBC7A2FACE85A3A7C62CF;
		};
		9512DC7E3A700A9D1BE634D1 /* MetalKit.framework in PBXBuildFile */ = {
			isa = PBXBuildFile;
			fileRef = 5BCB75964D40550D1FBD77B5;
		};
		428BC444FE5243302EE59EAC /* Metal.framework in PBXBuildFile */ = {
			isa = PBXBuildFile;
			fileRef = F1CB59A202D1743D348CB6E2;
		};
		57557463BAE573CB78603B2B /* OpenGL.framework in PBXBuildFile */ = {
			isa = PBXBuildFile;
			fileRef = F7F59E351286CF299470CD20;
		};
		8ECCF37444025BB964FF312C /* QuartzCore.framework in PBXBuildFile */ = {
			isa = PBXBuildFile;
			fileRef = 8081186F0925DE7C9ADAEE56;
		};
		2EF04056FF33CDBD1E80741E /* ScreenCaptureKit.framework in PBXBuildFile */ = {
			isa = PBXBuildFile;
			fileRef = CA8C15C5E2D0BC2B518A5122;
		};
		E57A113BFF3CA1175BCB810D /* WebRTC.framework in PBXBuildFile */ = {
			isa = PBXBuildFile;
			fileRef = 71540FEB572BA7ADB70C4D69;
		};
		B9D4D385ED2A4B1F9E1E24BA /* WebRTC.framework in PBXBuildFile */ = {
			isa = PBXBuildFile;
			fileRef = 71540FEB572BA7ADB70C4D69;
			settings = {ATTRIBUTES = (CodeSignOnCopy, ); };
		};
		E0000000000000000000003E /* OPNHTTP.swift in PBXBuildFile */ = {isa = PBXBuildFile; fileRef = E0000000000000000000003F; };
		E00000000000000000000042 /* OPNGitHubUpdater.swift in PBXBuildFile */ = {isa = PBXBuildFile; fileRef = E00000000000000000000043; };
		A00000000000000000000011 /* AudioUnit.framework in PBXBuildFile */ = {isa = PBXBuildFile; fileRef = B00000000000000000000021; };
		E00000000000000000000099 /* OPNDiscordPresence.swift in PBXBuildFile */ = {isa = PBXBuildFile; fileRef = E00000000000000000000098; };
		E00000000000000000000059 /* OPNSentryTransactionBridge.swift in PBXBuildFile */ = {isa = PBXBuildFile; fileRef = E0000000000000000000005A; };
		A00000000000000000000024 /* OPNSessionHealthReport.swift in PBXBuildFile */ = {isa = PBXBuildFile; fileRef = B00000000000000000000024; };
		A00000000000000000000026 /* OPNVideoEnhancementRenderer.mm in PBXBuildFile */ = {isa = PBXBuildFile; fileRef = B00000000000000000000026; };
		E0000000000000000000003A /* OPNSessionReportView.swift in PBXBuildFile */ = {isa = PBXBuildFile; fileRef = E0000000000000000000003B; };
		E00000000000000000000001 /* OPNAppDelegate.swift in PBXBuildFile */ = {isa = PBXBuildFile; fileRef = E00000000000000000000011; };
		E00000000000000000000002 /* OPNCoreAnimationCoordinator.swift in PBXBuildFile */ = {isa = PBXBuildFile; fileRef = E00000000000000000000012; };
		E00000000000000000000003 /* OPNVideoEnhancementSettings.swift in PBXBuildFile */ = {isa = PBXBuildFile; fileRef = E00000000000000000000013; };
		E00000000000000000000004 /* OPNVideoSurfaceView.swift in PBXBuildFile */ = {isa = PBXBuildFile; fileRef = E00000000000000000000014; };
		E00000000000000000000005 /* OPNBackdropView.swift in PBXBuildFile */ = {isa = PBXBuildFile; fileRef = E00000000000000000000015; };
		E00000000000000000000006 /* OPNCarouselFocusLayout.swift in PBXBuildFile */ = {isa = PBXBuildFile; fileRef = E00000000000000000000016; };
		E00000000000000000000007 /* OPNErrorView.swift in PBXBuildFile */ = {isa = PBXBuildFile; fileRef = E00000000000000000000017; };
		E00000000000000000000008 /* OPNViewSwiftSupport.swift in PBXBuildFile */ = {isa = PBXBuildFile; fileRef = E00000000000000000000018; };
		E00000000000000000000009 /* OPNModels.swift in PBXBuildFile */ = {isa = PBXBuildFile; fileRef = E00000000000000000000019; };
		E0000000000000000000000A /* OPNDeviceIdentity.swift in PBXBuildFile */ = {isa = PBXBuildFile; fileRef = E0000000000000000000001A; };
		E0000000000000000000000B /* OPNGameDataCache.swift in PBXBuildFile */ = {isa = PBXBuildFile; fileRef = E0000000000000000000001B; };
		E0000000000000000000000C /* OPNAuthService.swift in PBXBuildFile */ = {isa = PBXBuildFile; fileRef = E0000000000000000000001C; };
		E0000000000000000000000D /* OPNGameService.swift in PBXBuildFile */ = {isa = PBXBuildFile; fileRef = E0000000000000000000001D; };
		E0000000000000000000000F /* OPNLocale.swift in PBXBuildFile */ = {isa = PBXBuildFile; fileRef = E0000000000000000000001F; };
		E00000000000000000000020 /* OPNGameRemediation.swift in PBXBuildFile */ = {isa = PBXBuildFile; fileRef = E00000000000000000000021; };
		E00000000000000000000022 /* OPNGFNError.swift in PBXBuildFile */ = {isa = PBXBuildFile; fileRef = E00000000000000000000023; };
		E00000000000000000000024 /* OPNProtocolDebug.swift in PBXBuildFile */ = {isa = PBXBuildFile; fileRef = E00000000000000000000025; };
		E00000000000000000000026 /* OPNStreamPreferences.swift in PBXBuildFile */ = {isa = PBXBuildFile; fileRef = E00000000000000000000027; };
		E00000000000000000000028 /* OPNSettingsView.swift in PBXBuildFile */ = {isa = PBXBuildFile; fileRef = E00000000000000000000029; };
		E0000000000000000000002A /* OPNGameCardView.swift in PBXBuildFile */ = {isa = PBXBuildFile; fileRef = E0000000000000000000002B; };
		E0000000000000000000002C /* OPNLoadingView.swift in PBXBuildFile */ = {isa = PBXBuildFile; fileRef = E0000000000000000000002D; };
		E0000000000000000000002E /* OPNEmailEntryView.swift in PBXBuildFile */ = {isa = PBXBuildFile; fileRef = E0000000000000000000002F; };
		/* End PBXBuildFile section */
		/* Begin PBXCopyFilesBuildPhase section */
		6F087D5B3D8849F29E9D0C67 /* Embed Frameworks */ = {
			isa = PBXCopyFilesBuildPhase;
			buildActionMask = 2147483647;
			dstPath = "";
			dstSubfolderSpec = 10;
			files = (
				B9D4D385ED2A4B1F9E1E24BA /* WebRTC.framework in PBXBuildFile */,
			);
			name = "Embed Frameworks";
			runOnlyForDeploymentPostprocessing = 0;
		};
		/* End PBXCopyFilesBuildPhase section */
		/* Begin PBXFileReference section */
		69C67B7CFDCBD4BFA8A4BDDB /* AVFoundation.framework in PBXFileReference */ = {
			isa = PBXFileReference;
			lastKnownFileType = wrapper.framework;
			name = AVFoundation.framework;
			path = System/Library/Frameworks/AVFoundation.framework;
			sourceTree = SDKROOT;
		};
		2DC921A46254106F27A61389 /* AVKit.framework in PBXFileReference */ = {
			isa = PBXFileReference;
			lastKnownFileType = wrapper.framework;
			name = AVKit.framework;
			path = System/Library/Frameworks/AVKit.framework;
			sourceTree = SDKROOT;
		};
		7B2A61D54F4E41BDB9A9D105 /* VideoToolbox.framework in PBXFileReference */ = {
			isa = PBXFileReference;
			lastKnownFileType = wrapper.framework;
			name = VideoToolbox.framework;
			path = System/Library/Frameworks/VideoToolbox.framework;
			sourceTree = SDKROOT;
		};
		D928B272EFA8B448F7CF8585 /* ApplicationServices.framework in PBXFileReference */ = {
			isa = PBXFileReference;
			lastKnownFileType = wrapper.framework;
			name = ApplicationServices.framework;
			path = System/Library/Frameworks/ApplicationServices.framework;
			sourceTree = SDKROOT;
		};
		3351CF6EEB747A30AA91CDE3 /* AuthenticationServices.framework in PBXFileReference */ = {
			isa = PBXFileReference;
			lastKnownFileType = wrapper.framework;
			name = AuthenticationServices.framework;
			path = System/Library/Frameworks/AuthenticationServices.framework;
			sourceTree = SDKROOT;
		};
		2725E7B4151D930B8EEC76B0 /* Cocoa.framework in PBXFileReference */ = {
			isa = PBXFileReference;
			lastKnownFileType = wrapper.framework;
			name = Cocoa.framework;
			path = System/Library/Frameworks/Cocoa.framework;
			sourceTree = SDKROOT;
		};
		EE996F149E2BE5CD1D7B96C5 /* CoreAudio.framework in PBXFileReference */ = {
			isa = PBXFileReference;
			lastKnownFileType = wrapper.framework;
			name = CoreAudio.framework;
			path = System/Library/Frameworks/CoreAudio.framework;
			sourceTree = SDKROOT;
		};
		B00000000000000000000021 /* AudioUnit.framework in PBXFileReference */ = {
			isa = PBXFileReference;
			lastKnownFileType = wrapper.framework;
			name = AudioUnit.framework;
			path = System/Library/Frameworks/AudioUnit.framework;
			sourceTree = SDKROOT;
		};
		5C2052B439E438DCA24889EC /* CoreImage.framework in PBXFileReference */ = {
			isa = PBXFileReference;
			lastKnownFileType = wrapper.framework;
			name = CoreImage.framework;
			path = System/Library/Frameworks/CoreImage.framework;
			sourceTree = SDKROOT;
		};
		A2847DD23C73CB01927B8B6D /* CoreMedia.framework in PBXFileReference */ = {
			isa = PBXFileReference;
			lastKnownFileType = wrapper.framework;
			name = CoreMedia.framework;
			path = System/Library/Frameworks/CoreMedia.framework;
			sourceTree = SDKROOT;
		};
		7F6085DF1B7645F2A9C98D41 /* CoreVideo.framework in PBXFileReference */ = {
			isa = PBXFileReference;
			lastKnownFileType = wrapper.framework;
			name = CoreVideo.framework;
			path = System/Library/Frameworks/CoreVideo.framework;
			sourceTree = SDKROOT;
		};
		0B6DBC7A2FACE85A3A7C62CF /* GameController.framework in PBXFileReference */ = {
			isa = PBXFileReference;
			lastKnownFileType = wrapper.framework;
			name = GameController.framework;
			path = System/Library/Frameworks/GameController.framework;
			sourceTree = SDKROOT;
		};
		F1CB59A202D1743D348CB6E2 /* Metal.framework in PBXFileReference */ = {
			isa = PBXFileReference;
			lastKnownFileType = wrapper.framework;
			name = Metal.framework;
			path = System/Library/Frameworks/Metal.framework;
			sourceTree = SDKROOT;
		};
		5BCB75964D40550D1FBD77B5 /* MetalKit.framework in PBXFileReference */ = {
			isa = PBXFileReference;
			lastKnownFileType = wrapper.framework;
			name = MetalKit.framework;
			path = System/Library/Frameworks/MetalKit.framework;
			sourceTree = SDKROOT;
		};
		C00000000000000000000041 /* OPNAppDelegateDesktop.swift */ = {isa = PBXFileReference; lastKnownFileType = sourcecode.swift; name = OPNAppDelegateDesktop.swift; path = src/AppDelegate/OPNAppDelegateDesktop.swift; sourceTree = "<group>"; };
		C00000000000000000000042 /* OPNAppDelegateStreaming.swift */ = {isa = PBXFileReference; lastKnownFileType = sourcecode.swift; name = OPNAppDelegateStreaming.swift; path = src/AppDelegate/OPNAppDelegateStreaming.swift; sourceTree = "<group>"; };
		C00000000000000000000048 /* OPNActiveSessionService.swift */ = {isa = PBXFileReference; lastKnownFileType = sourcecode.swift; name = OPNActiveSessionService.swift; path = src/streaming/OPNActiveSessionService.swift; sourceTree = "<group>"; };
		C00000000000000000000043 /* OPNAppDelegateGameLaunch.swift */ = {isa = PBXFileReference; lastKnownFileType = sourcecode.swift; name = OPNAppDelegateGameLaunch.swift; path = src/AppDelegate/OPNAppDelegateGameLaunch.swift; sourceTree = "<group>"; };
		C00000000000000000000044 /* OPNAppDelegateNavigation.swift */ = {isa = PBXFileReference; lastKnownFileType = sourcecode.swift; name = OPNAppDelegateNavigation.swift; path = src/AppDelegate/OPNAppDelegateNavigation.swift; sourceTree = "<group>"; };
		C00000000000000000000045 /* OPNAppDelegateCatalog.swift */ = {isa = PBXFileReference; lastKnownFileType = sourcecode.swift; name = OPNAppDelegateCatalog.swift; path = src/AppDelegate/OPNAppDelegateCatalog.swift; sourceTree = "<group>"; };
		C00000000000000000000046 /* OPNAppDelegateSupport.swift */ = {isa = PBXFileReference; lastKnownFileType = sourcecode.swift; name = OPNAppDelegateSupport.swift; path = src/AppDelegate/OPNAppDelegateSupport.swift; sourceTree = "<group>"; };
		E00000000000000000000037 /* OPNAuthenticatingView.swift */ = {isa = PBXFileReference; lastKnownFileType = sourcecode.swift; name = OPNAuthenticatingView.swift; path = src/views/OPNAuthenticatingView.swift; sourceTree = "<group>"; };
		E00000000000000000000039 /* OPNCloudmatchServerPickerView.swift */ = {isa = PBXFileReference; lastKnownFileType = sourcecode.swift; name = OPNCloudmatchServerPickerView.swift; path = src/views/OPNCloudmatchServerPickerView.swift; sourceTree = "<group>"; };
		AD0614C0EE6F7B83442E87EC /* OPNGameCatalogView.swift in PBXFileReference */ = {isa = PBXFileReference; lastKnownFileType = sourcecode.swift; name = OPNGameCatalogView.swift; path = src/views/OPNGameCatalogView.swift; sourceTree = "<group>"; };
		AD0614C0EE6F7B83442E87ED /* OPNGameCatalogModelSupport.swift in PBXFileReference */ = {isa = PBXFileReference; lastKnownFileType = sourcecode.swift; name = OPNGameCatalogModelSupport.swift; path = src/views/GameCatalog/OPNGameCatalogModelSupport.swift; sourceTree = "<group>"; };
		D0000000000000000000004D /* OPNGameCatalogLayoutSupport.swift */ = {isa = PBXFileReference; lastKnownFileType = sourcecode.swift; name = OPNGameCatalogLayoutSupport.swift; path = src/views/GameCatalog/OPNGameCatalogLayoutSupport.swift; sourceTree = "<group>"; };
		D0000000000000000000004C /* OPNGameCatalogSearchSupport.swift */ = {isa = PBXFileReference; lastKnownFileType = sourcecode.swift; name = OPNGameCatalogSearchSupport.swift; path = src/views/GameCatalog/OPNGameCatalogSearchSupport.swift; sourceTree = "<group>"; };
		D00000000000000000000042 /* OPNGameCatalogArtworkSupport.swift */ = {isa = PBXFileReference; lastKnownFileType = sourcecode.swift; name = OPNGameCatalogArtworkSupport.swift; path = src/views/GameCatalog/OPNGameCatalogArtworkSupport.swift; sourceTree = "<group>"; };
		D00000000000000000000043 /* OPNGameCatalogMetadataSupport.swift */ = {isa = PBXFileReference; lastKnownFileType = sourcecode.swift; name = OPNGameCatalogMetadataSupport.swift; path = src/views/GameCatalog/OPNGameCatalogMetadataSupport.swift; sourceTree = "<group>"; };
		D00000000000000000000044 /* OPNStoreGameTile.swift */ = {isa = PBXFileReference; lastKnownFileType = sourcecode.swift; name = OPNStoreGameTile.swift; path = src/views/GameCatalog/OPNStoreGameTile.swift; sourceTree = "<group>"; };
		D00000000000000000000046 /* OPNGameCatalogView+Data.swift */ = {isa = PBXFileReference; lastKnownFileType = sourcecode.swift; name = "OPNGameCatalogView+Data.swift"; path = "src/views/GameCatalog/OPNGameCatalogView+Data.swift"; sourceTree = "<group>"; };
		D00000000000000000000047 /* OPNGameCatalogView+Search.swift */ = {isa = PBXFileReference; lastKnownFileType = sourcecode.swift; name = "OPNGameCatalogView+Search.swift"; path = "src/views/GameCatalog/OPNGameCatalogView+Search.swift"; sourceTree = "<group>"; };
		D00000000000000000000048 /* OPNGameCatalogView+Hero.swift */ = {isa = PBXFileReference; lastKnownFileType = sourcecode.swift; name = "OPNGameCatalogView+Hero.swift"; path = "src/views/GameCatalog/OPNGameCatalogView+Hero.swift"; sourceTree = "<group>"; };
		D00000000000000000000049 /* OPNGameCatalogView+Rendering.swift */ = {isa = PBXFileReference; lastKnownFileType = sourcecode.swift; name = "OPNGameCatalogView+Rendering.swift"; path = "src/views/GameCatalog/OPNGameCatalogView+Rendering.swift"; sourceTree = "<group>"; };
		E000000000000000000000AB /* OPNInputProtocol.swift */ = {isa = PBXFileReference; lastKnownFileType = sourcecode.swift; name = OPNInputProtocol.swift; path = src/streaming/OPNInputProtocol.swift; sourceTree = "<group>"; };
		1B53A5DD6FD53397C292235E /* OPNLibWebRTCStreamSession.h in PBXFileReference */ = {
			isa = PBXFileReference;
			lastKnownFileType = sourcecode.c.h;
			name = OPNLibWebRTCStreamSession.h;
			path = src/streaming/OPNLibWebRTCStreamSession.h;
			sourceTree = "<group>";
		};
		10F67006C07BB7D2BC133943 /* OPNLibWebRTCStreamSession.mm in PBXFileReference */ = {
			isa = PBXFileReference;
			lastKnownFileType = sourcecode.cpp.objcpp;
			name = OPNLibWebRTCStreamSession.mm;
			path = src/streaming/OPNLibWebRTCStreamSession.mm;
			sourceTree = "<group>";
		};
		E00000000000000000000064 /* OPNWebRTCSdpUtils.mm */ = {isa = PBXFileReference; lastKnownFileType = sourcecode.cpp.objcpp; name = OPNWebRTCSdpUtils.mm; path = src/streaming/OPNWebRTCSdpUtils.mm; sourceTree = "<group>"; };
		E00000000000000000000065 /* OPNWebRTCSdpUtils.h */ = {isa = PBXFileReference; lastKnownFileType = sourcecode.c.h; name = OPNWebRTCSdpUtils.h; path = src/streaming/OPNWebRTCSdpUtils.h; sourceTree = "<group>"; };
		E00000000000000000000067 /* OPNWebRTCCodecSupport.mm */ = {isa = PBXFileReference; lastKnownFileType = sourcecode.cpp.objcpp; name = OPNWebRTCCodecSupport.mm; path = src/streaming/OPNWebRTCCodecSupport.mm; sourceTree = "<group>"; };
		E00000000000000000000068 /* OPNWebRTCCodecSupport.h */ = {isa = PBXFileReference; lastKnownFileType = sourcecode.c.h; name = OPNWebRTCCodecSupport.h; path = src/streaming/OPNWebRTCCodecSupport.h; sourceTree = "<group>"; };
		E0000000000000000000006D /* OPNMetalVideoView.mm */ = {isa = PBXFileReference; lastKnownFileType = sourcecode.cpp.objcpp; name = OPNMetalVideoView.mm; path = src/streaming/OPNMetalVideoView.mm; sourceTree = "<group>"; };
		E0000000000000000000006E /* OPNMetalVideoView.h */ = {isa = PBXFileReference; lastKnownFileType = sourcecode.c.h; name = OPNMetalVideoView.h; path = src/streaming/OPNMetalVideoView.h; sourceTree = "<group>"; };
		E00000000000000000000070 /* OPNCoreAudioRTCDevice.mm */ = {isa = PBXFileReference; lastKnownFileType = sourcecode.cpp.objcpp; name = OPNCoreAudioRTCDevice.mm; path = src/streaming/OPNCoreAudioRTCDevice.mm; sourceTree = "<group>"; };
		E00000000000000000000071 /* OPNCoreAudioRTCDevice.h */ = {isa = PBXFileReference; lastKnownFileType = sourcecode.c.h; name = OPNCoreAudioRTCDevice.h; path = src/streaming/OPNCoreAudioRTCDevice.h; sourceTree = "<group>"; };
		E00000000000000000000073 /* OPNLibWebRTCSessionImpl.mm */ = {isa = PBXFileReference; lastKnownFileType = sourcecode.cpp.objcpp; name = OPNLibWebRTCSessionImpl.mm; path = src/streaming/OPNLibWebRTCSessionImpl.mm; sourceTree = "<group>"; };
		E00000000000000000000074 /* OPNLibWebRTCSessionImpl.h */ = {isa = PBXFileReference; lastKnownFileType = sourcecode.c.h; name = OPNLibWebRTCSessionImpl.h; path = src/streaming/OPNLibWebRTCSessionImpl.h; sourceTree = "<group>"; };
		E00000000000000000000076 /* OPNLibWebRTCInput.mm */ = {isa = PBXFileReference; lastKnownFileType = sourcecode.cpp.objcpp; name = OPNLibWebRTCInput.mm; path = src/streaming/OPNLibWebRTCInput.mm; sourceTree = "<group>"; };
		E00000000000000000000078 /* OPNLibWebRTCStats.mm */ = {isa = PBXFileReference; lastKnownFileType = sourcecode.cpp.objcpp; name = OPNLibWebRTCStats.mm; path = src/streaming/OPNLibWebRTCStats.mm; sourceTree = "<group>"; };
		E0000000000000000000007A /* OPNLibWebRTCAudio.mm */ = {isa = PBXFileReference; lastKnownFileType = sourcecode.cpp.objcpp; name = OPNLibWebRTCAudio.mm; path = src/streaming/OPNLibWebRTCAudio.mm; sourceTree = "<group>"; };
		E0000000000000000000007C /* OPNLibWebRTCSessionSurface.mm */ = {isa = PBXFileReference; lastKnownFileType = sourcecode.cpp.objcpp; name = OPNLibWebRTCSessionSurface.mm; path = src/streaming/OPNLibWebRTCSessionSurface.mm; sourceTree = "<group>"; };
		E0000000000000000000007E /* OPNLibWebRTCNegotiation.mm */ = {isa = PBXFileReference; lastKnownFileType = sourcecode.cpp.objcpp; name = OPNLibWebRTCNegotiation.mm; path = src/streaming/OPNLibWebRTCNegotiation.mm; sourceTree = "<group>"; };
		E00000000000000000000080 /* OPNStreamSessionHandle.swift */ = {isa = PBXFileReference; lastKnownFileType = sourcecode.swift; name = OPNStreamSessionHandle.swift; path = src/streaming/OPNStreamSessionHandle.swift; sourceTree = "<group>"; };
		E00000000000000000000083 /* OPNSessionManagerBridge.mm */ = {isa = PBXFileReference; lastKnownFileType = sourcecode.cpp.objcpp; name = OPNSessionManagerBridge.mm; path = src/streaming/OPNSessionManagerBridge.mm; sourceTree = "<group>"; };
		E00000000000000000000089 /* OPNStreamStatsSnapshot.swift */ = {isa = PBXFileReference; lastKnownFileType = sourcecode.swift; name = OPNStreamStatsSnapshot.swift; path = src/streaming/OPNStreamStatsSnapshot.swift; sourceTree = "<group>"; };
		E0000000000000000000009A /* OPNLogCapture.swift */ = {isa = PBXFileReference; lastKnownFileType = sourcecode.swift; name = OPNLogCapture.swift; path = src/common/OPNLogCapture.swift; sourceTree = "<group>"; };
		56C01BA183847B38981C01FD /* OPNPremiumBackdrop.metal in PBXFileReference */ = {
			isa = PBXFileReference;
			lastKnownFileType = sourcecode.metal;
			name = OPNPremiumBackdrop.metal;
			path = src/shaders/OPNPremiumBackdrop.metal;
			sourceTree = "<group>";
		};
		D677A6C2D6C1F5ADA85447E5 /* OPNSessionManager.h in PBXFileReference */ = {
			isa = PBXFileReference;
			lastKnownFileType = sourcecode.c.h;
			name = OPNSessionManager.h;
			path = src/streaming/OPNSessionManager.h;
			sourceTree = "<group>";
		};
		9C912AAA99573BD7E06A7277 /* OPNSessionManager.mm in PBXFileReference */ = {
			isa = PBXFileReference;
			lastKnownFileType = sourcecode.cpp.objcpp;
			name = OPNSessionManager.mm;
			path = src/streaming/OPNSessionManager.mm;
			sourceTree = "<group>";
		};
		E00000000000000000000031 /* OPNWebSocketSignalingClient.swift */ = {isa = PBXFileReference; lastKnownFileType = sourcecode.swift; name = OPNWebSocketSignalingClient.swift; path = src/streaming/OPNWebSocketSignalingClient.swift; sourceTree = "<group>"; };
		E00000000000000000000034 /* OPNSessionReportPayload.swift */ = {isa = PBXFileReference; lastKnownFileType = sourcecode.swift; name = OPNSessionReportPayload.swift; path = src/common/OPNSessionReportPayload.swift; sourceTree = "<group>"; };
		B9C13F571A43AE48E93CFB8B /* OPNStreamPreferences.h in PBXFileReference */ = {
			isa = PBXFileReference;
			lastKnownFileType = sourcecode.c.h;
			name = OPNStreamPreferences.h;
			path = src/streaming/OPNStreamPreferences.h;
			sourceTree = "<group>";
		};
		F326430DE067F6EC2D2435E0 /* OPNStreamPreferences.mm in PBXFileReference */ = {
			isa = PBXFileReference;
			lastKnownFileType = sourcecode.cpp.objcpp;
			name = OPNStreamPreferences.mm;
			path = src/streaming/OPNStreamPreferences.mm;
			sourceTree = "<group>";
		};
		3030D7D1FFA6262DEDB1FB76 /* OPNStreamRecordingManager.swift in PBXFileReference */ = {
			isa = PBXFileReference;
			lastKnownFileType = sourcecode.swift;
			name = OPNStreamRecordingManager.swift;
			path = src/streaming/OPNStreamRecordingManager.swift;
			sourceTree = "<group>";
		};
		9EA7774A3F17C84ABA66DE4E /* OPNStreamSession.h in PBXFileReference */ = {
			isa = PBXFileReference;
			lastKnownFileType = sourcecode.c.h;
			name = OPNStreamSession.h;
			path = src/streaming/OPNStreamSession.h;
			sourceTree = "<group>";
		};
		F00000000000000000000040 /* OPNStreamStats.h */ = {isa = PBXFileReference; lastKnownFileType = sourcecode.c.h; name = OPNStreamStats.h; path = src/streaming/OPNStreamStats.h; sourceTree = "<group>"; };
		BA741E05F599D8F1E107DA97 /* OPNStreamTypes.h in PBXFileReference */ = {
			isa = PBXFileReference;
			lastKnownFileType = sourcecode.c.h;
			name = OPNStreamTypes.h;
			path = src/streaming/OPNStreamTypes.h;
			sourceTree = "<group>";
		};
		24D4F5F148ABE96F6C8D54D7 /* OPNStreamView.swift in PBXFileReference */ = {
			isa = PBXFileReference;
			lastKnownFileType = sourcecode.swift;
			name = OPNStreamView.swift;
			path = src/streaming/OPNStreamView.swift;
			sourceTree = "<group>";
		};
		D625560EF57F5C8C36B61C98 /* OPNStreamViewController.h in PBXFileReference */ = {
			isa = PBXFileReference;
			lastKnownFileType = sourcecode.c.h;
			name = OPNStreamViewController.h;
			path = src/streaming/OPNStreamViewController.h;
			sourceTree = "<group>";
		};
		18F773BA2EBBE6A891CF0545 /* OPNStreamViewController.mm in PBXFileReference */ = {
			isa = PBXFileReference;
			lastKnownFileType = sourcecode.cpp.objcpp;
			name = OPNStreamViewController.mm;
			path = src/streaming/OPNStreamViewController.mm;
			sourceTree = "<group>";
		};
		957905FB492F42AD9B576509 /* OPNUIHelpers.swift in PBXFileReference */ = {
			isa = PBXFileReference;
			lastKnownFileType = sourcecode.swift;
			name = OPNUIHelpers.swift;
			path = src/common/OPNUIHelpers.swift;
			sourceTree = "<group>";
		};
		F7F59E351286CF299470CD20 /* OpenGL.framework in PBXFileReference */ = {
			isa = PBXFileReference;
			lastKnownFileType = wrapper.framework;
			name = OpenGL.framework;
			path = System/Library/Frameworks/OpenGL.framework;
			sourceTree = SDKROOT;
		};
		8C182E3135E4306DC54F496B /* OpenNOW-Info.plist in PBXFileReference */ = {
			isa = PBXFileReference;
			explicitFileType = text.plist.xml;
			name = OpenNOW-Info.plist;
			path = OpenNOW-Info.plist;
			sourceTree = "<group>";
		};
		0D2B74C98C7ACD14E1175295 /* OpenNOW.app in PBXFileReference */ = {
			isa = PBXFileReference;
			explicitFileType = wrapper.application;
			includeInIndex = 0;
			path = OpenNOW.app;
			sourceTree = BUILT_PRODUCTS_DIR;
		};
		8081186F0925DE7C9ADAEE56 /* QuartzCore.framework in PBXFileReference */ = {
			isa = PBXFileReference;
			lastKnownFileType = wrapper.framework;
			name = QuartzCore.framework;
			path = System/Library/Frameworks/QuartzCore.framework;
			sourceTree = SDKROOT;
		};
		CA8C15C5E2D0BC2B518A5122 /* ScreenCaptureKit.framework in PBXFileReference */ = {
			isa = PBXFileReference;
			lastKnownFileType = wrapper.framework;
			name = ScreenCaptureKit.framework;
			path = System/Library/Frameworks/ScreenCaptureKit.framework;
			sourceTree = SDKROOT;
		};
		71540FEB572BA7ADB70C4D69 /* WebRTC.framework in PBXFileReference */ = {
			isa = PBXFileReference;
			lastKnownFileType = wrapper.framework;
			name = WebRTC.framework;
			path = third_party/webrtc-official/WebRTC.framework;
			sourceTree = "<group>";
		};
		E0000000000000000000003D /* main.swift */ = {isa = PBXFileReference; lastKnownFileType = sourcecode.swift; name = main.swift; path = src/main.swift; sourceTree = "<group>"; };
		4C3E83E448564D2B9FBD3A11 /* OPNSentry.swift in PBXFileReference */ = {
			isa = PBXFileReference;
			lastKnownFileType = sourcecode.swift;
			name = OPNSentry.swift;
			path = src/common/OPNSentry.swift;
			sourceTree = "<group>";
		};
		E0000000000000000000003F /* OPNHTTP.swift */ = {isa = PBXFileReference; lastKnownFileType = sourcecode.swift; name = OPNHTTP.swift; path = src/common/OPNHTTP.swift; sourceTree = "<group>"; };
		E00000000000000000000043 /* OPNGitHubUpdater.swift */ = {isa = PBXFileReference; lastKnownFileType = sourcecode.swift; name = OPNGitHubUpdater.swift; path = src/common/OPNGitHubUpdater.swift; sourceTree = "<group>"; };
		E00000000000000000000098 /* OPNDiscordPresence.swift */ = {isa = PBXFileReference; lastKnownFileType = sourcecode.swift; name = OPNDiscordPresence.swift; path = src/common/OPNDiscordPresence.swift; sourceTree = "<group>"; };
		E0000000000000000000005A /* OPNSentryTransactionBridge.swift */ = {isa = PBXFileReference; lastKnownFileType = sourcecode.swift; name = OPNSentryTransactionBridge.swift; path = src/common/OPNSentryTransactionBridge.swift; sourceTree = "<group>"; };
		B00000000000000000000024 /* OPNSessionHealthReport.swift */ = {isa = PBXFileReference; lastKnownFileType = sourcecode.swift; name = OPNSessionHealthReport.swift; path = src/common/OPNSessionHealthReport.swift; sourceTree = "<group>"; };
		B00000000000000000000026 /* OPNVideoEnhancementRenderer.mm in PBXFileReference */ = {isa = PBXFileReference; lastKnownFileType = sourcecode.cpp.objcpp; name = OPNVideoEnhancementRenderer.mm; path = src/streaming/OPNVideoEnhancementRenderer.mm; sourceTree = "<group>"; };
		B00000000000000000000027 /* OPNVideoEnhancementRenderer.h in PBXFileReference */ = {isa = PBXFileReference; lastKnownFileType = sourcecode.c.h; name = OPNVideoEnhancementRenderer.h; path = src/streaming/OPNVideoEnhancementRenderer.h; sourceTree = "<group>"; };
		E00000000000000000000045 /* OPNStreamSessionInputBridge.mm */ = {isa = PBXFileReference; lastKnownFileType = sourcecode.cpp.objcpp; name = OPNStreamSessionInputBridge.mm; path = src/streaming/OPNStreamSessionInputBridge.mm; sourceTree = "<group>"; };
		E00000000000000000000046 /* OPNStreamSessionInputBridge.h */ = {isa = PBXFileReference; lastKnownFileType = sourcecode.c.h; name = OPNStreamSessionInputBridge.h; path = src/streaming/OPNStreamSessionInputBridge.h; sourceTree = "<group>"; };
		E00000000000000000000048 /* OPNStreamSessionCallbackBridge.mm */ = {isa = PBXFileReference; lastKnownFileType = sourcecode.cpp.objcpp; name = OPNStreamSessionCallbackBridge.mm; path = src/streaming/OPNStreamSessionCallbackBridge.mm; sourceTree = "<group>"; };
		E00000000000000000000049 /* OPNStreamSessionCallbackBridge.h */ = {isa = PBXFileReference; lastKnownFileType = sourcecode.c.h; name = OPNStreamSessionCallbackBridge.h; path = src/streaming/OPNStreamSessionCallbackBridge.h; sourceTree = "<group>"; };
		E00000000000000000000051 /* OPNStreamSessionLaunchBridge.mm */ = {isa = PBXFileReference; lastKnownFileType = sourcecode.cpp.objcpp; name = OPNStreamSessionLaunchBridge.mm; path = src/streaming/OPNStreamSessionLaunchBridge.mm; sourceTree = "<group>"; };
		E00000000000000000000052 /* OPNStreamSessionLaunchBridge.h */ = {isa = PBXFileReference; lastKnownFileType = sourcecode.c.h; name = OPNStreamSessionLaunchBridge.h; path = src/streaming/OPNStreamSessionLaunchBridge.h; sourceTree = "<group>"; };
		E0000000000000000000003B /* OPNSessionReportView.swift */ = {isa = PBXFileReference; lastKnownFileType = sourcecode.swift; name = OPNSessionReportView.swift; path = src/views/OPNSessionReportView.swift; sourceTree = "<group>"; };
		E00000000000000000000011 /* OPNAppDelegate.swift */ = {isa = PBXFileReference; lastKnownFileType = sourcecode.swift; name = OPNAppDelegate.swift; path = src/OPNAppDelegate.swift; sourceTree = "<group>"; };
		E00000000000000000000012 /* OPNCoreAnimationCoordinator.swift */ = {isa = PBXFileReference; lastKnownFileType = sourcecode.swift; name = OPNCoreAnimationCoordinator.swift; path = src/common/OPNCoreAnimationCoordinator.swift; sourceTree = "<group>"; };
		E00000000000000000000013 /* OPNVideoEnhancementSettings.swift */ = {isa = PBXFileReference; lastKnownFileType = sourcecode.swift; name = OPNVideoEnhancementSettings.swift; path = src/streaming/OPNVideoEnhancementSettings.swift; sourceTree = "<group>"; };
		E00000000000000000000014 /* OPNVideoSurfaceView.swift */ = {isa = PBXFileReference; lastKnownFileType = sourcecode.swift; name = OPNVideoSurfaceView.swift; path = src/streaming/OPNVideoSurfaceView.swift; sourceTree = "<group>"; };
		E00000000000000000000015 /* OPNBackdropView.swift */ = {isa = PBXFileReference; lastKnownFileType = sourcecode.swift; name = OPNBackdropView.swift; path = src/views/OPNBackdropView.swift; sourceTree = "<group>"; };
		E00000000000000000000016 /* OPNCarouselFocusLayout.swift */ = {isa = PBXFileReference; lastKnownFileType = sourcecode.swift; name = OPNCarouselFocusLayout.swift; path = src/views/OPNCarouselFocusLayout.swift; sourceTree = "<group>"; };
		E00000000000000000000017 /* OPNErrorView.swift */ = {isa = PBXFileReference; lastKnownFileType = sourcecode.swift; name = OPNErrorView.swift; path = src/views/OPNErrorView.swift; sourceTree = "<group>"; };
		E00000000000000000000018 /* OPNViewSwiftSupport.swift */ = {isa = PBXFileReference; lastKnownFileType = sourcecode.swift; name = OPNViewSwiftSupport.swift; path = src/views/OPNViewSwiftSupport.swift; sourceTree = "<group>"; };
		E00000000000000000000019 /* OPNModels.swift */ = {isa = PBXFileReference; lastKnownFileType = sourcecode.swift; name = OPNModels.swift; path = src/common/OPNModels.swift; sourceTree = "<group>"; };
		E0000000000000000000001A /* OPNDeviceIdentity.swift */ = {isa = PBXFileReference; lastKnownFileType = sourcecode.swift; name = OPNDeviceIdentity.swift; path = src/common/OPNDeviceIdentity.swift; sourceTree = "<group>"; };
		E0000000000000000000001B /* OPNGameDataCache.swift */ = {isa = PBXFileReference; lastKnownFileType = sourcecode.swift; name = OPNGameDataCache.swift; path = src/games/OPNGameDataCache.swift; sourceTree = "<group>"; };
		E0000000000000000000001C /* OPNAuthService.swift */ = {isa = PBXFileReference; lastKnownFileType = sourcecode.swift; name = OPNAuthService.swift; path = src/auth/OPNAuthService.swift; sourceTree = "<group>"; };
		E0000000000000000000001D /* OPNGameService.swift */ = {isa = PBXFileReference; lastKnownFileType = sourcecode.swift; name = OPNGameService.swift; path = src/games/OPNGameService.swift; sourceTree = "<group>"; };
		E0000000000000000000001F /* OPNLocale.swift */ = {isa = PBXFileReference; lastKnownFileType = sourcecode.swift; name = OPNLocale.swift; path = src/common/OPNLocale.swift; sourceTree = "<group>"; };
		E00000000000000000000021 /* OPNGameRemediation.swift */ = {isa = PBXFileReference; lastKnownFileType = sourcecode.swift; name = OPNGameRemediation.swift; path = src/common/OPNGameRemediation.swift; sourceTree = "<group>"; };
		E00000000000000000000023 /* OPNGFNError.swift */ = {isa = PBXFileReference; lastKnownFileType = sourcecode.swift; name = OPNGFNError.swift; path = src/common/OPNGFNError.swift; sourceTree = "<group>"; };
		E00000000000000000000025 /* OPNProtocolDebug.swift */ = {isa = PBXFileReference; lastKnownFileType = sourcecode.swift; name = OPNProtocolDebug.swift; path = src/common/OPNProtocolDebug.swift; sourceTree = "<group>"; };
		E00000000000000000000027 /* OPNStreamPreferences.swift */ = {isa = PBXFileReference; lastKnownFileType = sourcecode.swift; name = OPNStreamPreferences.swift; path = src/streaming/OPNStreamPreferences.swift; sourceTree = "<group>"; };
		E00000000000000000000029 /* OPNSettingsView.swift */ = {isa = PBXFileReference; lastKnownFileType = sourcecode.swift; name = OPNSettingsView.swift; path = src/views/OPNSettingsView.swift; sourceTree = "<group>"; };
		E0000000000000000000002B /* OPNGameCardView.swift */ = {isa = PBXFileReference; lastKnownFileType = sourcecode.swift; name = OPNGameCardView.swift; path = src/views/OPNGameCardView.swift; sourceTree = "<group>"; };
		E0000000000000000000002D /* OPNLoadingView.swift */ = {isa = PBXFileReference; lastKnownFileType = sourcecode.swift; name = OPNLoadingView.swift; path = src/views/OPNLoadingView.swift; sourceTree = "<group>"; };
		E0000000000000000000002F /* OPNEmailEntryView.swift */ = {isa = PBXFileReference; lastKnownFileType = sourcecode.swift; name = OPNEmailEntryView.swift; path = src/views/OPNEmailEntryView.swift; sourceTree = "<group>"; };
		/* End PBXFileReference section */
		/* Begin PBXFrameworksBuildPhase section */
		63FC9122778042047BE28757 = {
			isa = PBXFrameworksBuildPhase;
			buildActionMask = 2147483647;
			files = (
				E57A113BFF3CA1175BCB810D /* WebRTC.framework in PBXBuildFile */,
				4EB63AD5790216383B1EAEE0 /* Cocoa.framework in PBXBuildFile */,
				7B2A61D44F4E41BDB9A9D104 /* VideoToolbox.framework in PBXBuildFile */,
				8ECCF37444025BB964FF312C /* QuartzCore.framework in PBXBuildFile */,
				428BC444FE5243302EE59EAC /* Metal.framework in PBXBuildFile */,
				9512DC7E3A700A9D1BE634D1 /* MetalKit.framework in PBXBuildFile */,
				ED1D02AFEB3C955EB4D70A28 /* CoreImage.framework in PBXBuildFile */,
				3B4CCDD106825E705E33C838 /* AuthenticationServices.framework in PBXBuildFile */,
				B7F49677C78ABB1ED6E07C13 /* AVFoundation.framework in PBXBuildFile */,
				8953374293462F57B5DE59CF /* AVKit.framework in PBXBuildFile */,
				9AFDB0810ACB8B82728142E5 /* CoreMedia.framework in PBXBuildFile */,
				4A06F3F6B2094450A5049F2A /* CoreVideo.framework in PBXBuildFile */,
				57557463BAE573CB78603B2B /* OpenGL.framework in PBXBuildFile */,
				D4D1FDD046EF74604BF789F3 /* GameController.framework in PBXBuildFile */,
				56330183F7065F54C2D88C7F /* ApplicationServices.framework in PBXBuildFile */,
				A750DCB728A12BBBBF23C682 /* CoreAudio.framework in PBXBuildFile */,
				A00000000000000000000011 /* AudioUnit.framework in PBXBuildFile */,
				2EF04056FF33CDBD1E80741E /* ScreenCaptureKit.framework in PBXBuildFile */,
			);
			runOnlyForDeploymentPostprocessing = 0;
		};
		/* End PBXFrameworksBuildPhase section */
		/* Begin PBXGroup section */
		F3C5A43586F71EF5B9F29AFA /* OpenNOW in PBXGroup */ = {
			isa = PBXGroup;
			children = (
				09E51D173F1A00C061B7641B /* src in PBXGroup */,
				5BB0AC794547B308C15C38CA /* Products in PBXGroup */,
				8C182E3135E4306DC54F496B /* OpenNOW-Info.plist in PBXFileReference */,
				7B2A61D54F4E41BDB9A9D105 /* VideoToolbox.framework in PBXFileReference */,
				71540FEB572BA7ADB70C4D69 /* WebRTC.framework in PBXFileReference */,
			);
			name = OpenNOW;
			sourceTree = "<group>";
		};
		5BB0AC794547B308C15C38CA /* Products in PBXGroup */ = {
			isa = PBXGroup;
			children = (
				0D2B74C98C7ACD14E1175295 /* OpenNOW.app in PBXFileReference */,
			);
			name = Products;
			sourceTree = "<group>";
		};
		C00000000000000000000050 /* AppDelegate in PBXGroup */ = {
			isa = PBXGroup;
			children = (
				C00000000000000000000045 /* OPNAppDelegateCatalog.swift */,
				C00000000000000000000041 /* OPNAppDelegateDesktop.swift */,
				C00000000000000000000043 /* OPNAppDelegateGameLaunch.swift */,
				C00000000000000000000044 /* OPNAppDelegateNavigation.swift */,
				C00000000000000000000046 /* OPNAppDelegateSupport.swift */,
				C00000000000000000000042 /* OPNAppDelegateStreaming.swift */,
			);
			name = AppDelegate;
			sourceTree = "<group>";
		};
		F515E1DCA81C9F38EDA5851E /* auth in PBXGroup */ = {
			isa = PBXGroup;
			children = (
				E0000000000000000000001C /* OPNAuthService.swift */,
			);
			name = auth;
			sourceTree = "<group>";
		};
		258D3F331162A2E4DD8D0A15 /* common in PBXGroup */ = {
			isa = PBXGroup;
			children = (
				E00000000000000000000019 /* OPNModels.swift */,
				E0000000000000000000001A /* OPNDeviceIdentity.swift */,
				E00000000000000000000012 /* OPNCoreAnimationCoordinator.swift */,
				E0000000000000000000001F /* OPNLocale.swift */,
				E00000000000000000000021 /* OPNGameRemediation.swift */,
				E00000000000000000000023 /* OPNGFNError.swift */,
				E0000000000000000000003F /* OPNHTTP.swift */,
				E00000000000000000000025 /* OPNProtocolDebug.swift */,
				E00000000000000000000098 /* OPNDiscordPresence.swift */,
				E00000000000000000000043 /* OPNGitHubUpdater.swift */,
				E0000000000000000000009A /* OPNLogCapture.swift */,
				B00000000000000000000024 /* OPNSessionHealthReport.swift */,
				E00000000000000000000034 /* OPNSessionReportPayload.swift */,
				4C3E83E448564D2B9FBD3A11 /* OPNSentry.swift in PBXFileReference */,
				E0000000000000000000005A /* OPNSentryTransactionBridge.swift */,
				957905FB492F42AD9B576509 /* OPNUIHelpers.swift in PBXFileReference */,
			);
			name = common;
			sourceTree = "<group>";
		};
		4A2AEEDD7ECFD3B280FE224B /* games in PBXGroup */ = {
			isa = PBXGroup;
			children = (
				E0000000000000000000001B /* OPNGameDataCache.swift */,
				E0000000000000000000001D /* OPNGameService.swift */,
			);
			name = games;
			sourceTree = "<group>";
		};
		D00000000000000000000050 /* GameCatalog in PBXGroup */ = {
			isa = PBXGroup;
			children = (
				D00000000000000000000042 /* OPNGameCatalogArtworkSupport.swift */,
				D00000000000000000000043 /* OPNGameCatalogMetadataSupport.swift */,
				D0000000000000000000004D /* OPNGameCatalogLayoutSupport.swift */,
				D0000000000000000000004C /* OPNGameCatalogSearchSupport.swift */,
				D00000000000000000000046 /* OPNGameCatalogView+Data.swift */,
				D00000000000000000000048 /* OPNGameCatalogView+Hero.swift */,
				D00000000000000000000049 /* OPNGameCatalogView+Rendering.swift */,
				D00000000000000000000047 /* OPNGameCatalogView+Search.swift */,
				D00000000000000000000044 /* OPNStoreGameTile.swift */,
			);
			name = GameCatalog;
			sourceTree = "<group>";
		};
		10C7B3F3A6E6F504ED29F4C7 /* shaders in PBXGroup */ = {
			isa = PBXGroup;
			children = (
				56C01BA183847B38981C01FD /* OPNPremiumBackdrop.metal in PBXFileReference */,
			);
			name = shaders;
			sourceTree = "<group>";
		};
		09E51D173F1A00C061B7641B /* src in PBXGroup */ = {
			isa = PBXGroup;
			children = (
				E00000000000000000000011 /* OPNAppDelegate.swift */,
				C00000000000000000000050 /* AppDelegate in PBXGroup */,
				F515E1DCA81C9F38EDA5851E /* auth in PBXGroup */,
				258D3F331162A2E4DD8D0A15 /* common in PBXGroup */,
				4A2AEEDD7ECFD3B280FE224B /* games in PBXGroup */,
				10C7B3F3A6E6F504ED29F4C7 /* shaders in PBXGroup */,
				258FB9F9F30FA962CED75214 /* streaming in PBXGroup */,
				92DF8FC120985BDB402B5489 /* views in PBXGroup */,
				E0000000000000000000003D /* main.swift */,
			);
			name = src;
			sourceTree = "<group>";
		};
		258FB9F9F30FA962CED75214 /* streaming in PBXGroup */ = {
			isa = PBXGroup;
			children = (
				E00000000000000000000013 /* OPNVideoEnhancementSettings.swift */,
				E00000000000000000000014 /* OPNVideoSurfaceView.swift */,
				C00000000000000000000048 /* OPNActiveSessionService.swift */,
				E00000000000000000000027 /* OPNStreamPreferences.swift */,
				E00000000000000000000031 /* OPNWebSocketSignalingClient.swift */,
				E000000000000000000000AB /* OPNInputProtocol.swift */,
				E00000000000000000000045 /* OPNStreamSessionInputBridge.mm */,
				E00000000000000000000048 /* OPNStreamSessionCallbackBridge.mm */,
				E00000000000000000000051 /* OPNStreamSessionLaunchBridge.mm */,
				E00000000000000000000064 /* OPNWebRTCSdpUtils.mm */,
				E00000000000000000000067 /* OPNWebRTCCodecSupport.mm */,
				E0000000000000000000006D /* OPNMetalVideoView.mm */,
				E00000000000000000000070 /* OPNCoreAudioRTCDevice.mm */,
				E00000000000000000000073 /* OPNLibWebRTCSessionImpl.mm */,
				E00000000000000000000076 /* OPNLibWebRTCInput.mm */,
				E00000000000000000000078 /* OPNLibWebRTCStats.mm */,
				E0000000000000000000007A /* OPNLibWebRTCAudio.mm */,
				E0000000000000000000007C /* OPNLibWebRTCSessionSurface.mm */,
				E0000000000000000000007E /* OPNLibWebRTCNegotiation.mm */,
				E00000000000000000000080 /* OPNStreamSessionHandle.swift */,
				E00000000000000000000083 /* OPNSessionManagerBridge.mm */,
				E00000000000000000000089 /* OPNStreamStatsSnapshot.swift */,
				10F67006C07BB7D2BC133943 /* OPNLibWebRTCStreamSession.mm in PBXFileReference */,
				9C912AAA99573BD7E06A7277 /* OPNSessionManager.mm in PBXFileReference */,
				F326430DE067F6EC2D2435E0 /* OPNStreamPreferences.mm in PBXFileReference */,
				3030D7D1FFA6262DEDB1FB76 /* OPNStreamRecordingManager.swift in PBXFileReference */,
				24D4F5F148ABE96F6C8D54D7 /* OPNStreamView.swift in PBXFileReference */,
				18F773BA2EBBE6A891CF0545 /* OPNStreamViewController.mm in PBXFileReference */,
				B00000000000000000000026 /* OPNVideoEnhancementRenderer.mm in PBXFileReference */,
				E00000000000000000000046 /* OPNStreamSessionInputBridge.h */,
				E00000000000000000000049 /* OPNStreamSessionCallbackBridge.h */,
				E00000000000000000000052 /* OPNStreamSessionLaunchBridge.h */,
				E00000000000000000000065 /* OPNWebRTCSdpUtils.h */,
				E00000000000000000000068 /* OPNWebRTCCodecSupport.h */,
				E0000000000000000000006E /* OPNMetalVideoView.h */,
				E00000000000000000000071 /* OPNCoreAudioRTCDevice.h */,
				E00000000000000000000074 /* OPNLibWebRTCSessionImpl.h */,
				1B53A5DD6FD53397C292235E /* OPNLibWebRTCStreamSession.h in PBXFileReference */,
				D677A6C2D6C1F5ADA85447E5 /* OPNSessionManager.h in PBXFileReference */,
				B9C13F571A43AE48E93CFB8B /* OPNStreamPreferences.h in PBXFileReference */,
				9EA7774A3F17C84ABA66DE4E /* OPNStreamSession.h in PBXFileReference */,
				F00000000000000000000040 /* OPNStreamStats.h */,
				BA741E05F599D8F1E107DA97 /* OPNStreamTypes.h in PBXFileReference */,
				D625560EF57F5C8C36B61C98 /* OPNStreamViewController.h in PBXFileReference */,
				B00000000000000000000027 /* OPNVideoEnhancementRenderer.h in PBXFileReference */,
			);
			name = streaming;
			sourceTree = "<group>";
		};
		92DF8FC120985BDB402B5489 /* views in PBXGroup */ = {
			isa = PBXGroup;
			children = (
				D00000000000000000000050 /* GameCatalog in PBXGroup */,
				E00000000000000000000015 /* OPNBackdropView.swift */,
				E00000000000000000000016 /* OPNCarouselFocusLayout.swift */,
				E00000000000000000000017 /* OPNErrorView.swift */,
				E00000000000000000000037 /* OPNAuthenticatingView.swift */,
				E00000000000000000000039 /* OPNCloudmatchServerPickerView.swift */,
				E00000000000000000000029 /* OPNSettingsView.swift */,
				E00000000000000000000018 /* OPNViewSwiftSupport.swift */,
				E0000000000000000000002F /* OPNEmailEntryView.swift */,
				E0000000000000000000002B /* OPNGameCardView.swift */,
				AD0614C0EE6F7B83442E87EC /* OPNGameCatalogView.swift in PBXFileReference */,
				AD0614C0EE6F7B83442E87ED /* OPNGameCatalogModelSupport.swift in PBXFileReference */,
				E0000000000000000000002D /* OPNLoadingView.swift */,
				E0000000000000000000003B /* OPNSessionReportView.swift */,
			);
			name = views;
			sourceTree = "<group>";
		};
		/* End PBXGroup section */
		/* Begin PBXNativeTarget section */
		ECB51CC99258DF81506264CB /* OpenNOW in PBXNativeTarget */ = {
			isa = PBXNativeTarget;
			buildConfigurationList = 0492478C91E994548D3C8A2B;
			buildPhases = (
				DFC9C02AC6A6A1C9D7AAEC92,
				63FC9122778042047BE28757,
				6F087D5B3D8849F29E9D0C67,
				8DC2AFCC050BBA9593E03A1B,
			);
			buildRules = ();
			dependencies = ();
			name = OpenNOW;
			packageProductDependencies = ();
			productName = OpenNOW;
			productReference = 0D2B74C98C7ACD14E1175295;
			productType = com.apple.product-type.application;
		};
		/* End PBXNativeTarget section */
		/* Begin PBXProject section */
		5E5B09E6B59FF29FFCDE1423 = {
			isa = PBXProject;
			attributes = {BuildIndependentTargetsInParallel = 1; LastSwiftUpdateCheck = 1600; LastUpgradeCheck = 1600; TargetAttributes = {ECB51CC99258DF81506264CB = {CreatedOnToolsVersion = "16.0"; }; }; };
			buildConfigurationList = 20BCC7E5F659CA6CEA45224D;
			compatibilityVersion = "Xcode 14.0";
			developmentRegion = en;
			hasScannedForEncodings = 0;
			knownRegions = (
				en,
				Base,
			);
			mainGroup = F3C5A43586F71EF5B9F29AFA;
			packageReferences = ();
			productRefGroup = 5BB0AC794547B308C15C38CA;
			projectDirPath = "";
			projectRoot = "";
			targets = (
				ECB51CC99258DF81506264CB /* OpenNOW in PBXNativeTarget */,
			);
		};
		/* End PBXProject section */
		/* Begin PBXResourcesBuildPhase section */
		8DC2AFCC050BBA9593E03A1B = {
			isa = PBXResourcesBuildPhase;
			buildActionMask = 2147483647;
			files = ();
			runOnlyForDeploymentPostprocessing = 0;
		};
		/* End PBXResourcesBuildPhase section */
		/* Begin PBXSourcesBuildPhase section */
		DFC9C02AC6A6A1C9D7AAEC92 = {
			isa = PBXSourcesBuildPhase;
			buildActionMask = 2147483647;
			files = (
				E00000000000000000000001 /* OPNAppDelegate.swift in PBXBuildFile */,
				C00000000000000000000030 /* OPNAppDelegateDesktop.swift in PBXBuildFile */,
				C00000000000000000000031 /* OPNAppDelegateStreaming.swift in PBXBuildFile */,
				C00000000000000000000032 /* OPNAppDelegateGameLaunch.swift in PBXBuildFile */,
				C00000000000000000000033 /* OPNAppDelegateNavigation.swift in PBXBuildFile */,
				C00000000000000000000034 /* OPNAppDelegateCatalog.swift in PBXBuildFile */,
				C00000000000000000000035 /* OPNAppDelegateSupport.swift in PBXBuildFile */,
				E0000000000000000000003C /* main.swift in PBXBuildFile */,
				E0000000000000000000000C /* OPNAuthService.swift in PBXBuildFile */,
				E00000000000000000000009 /* OPNModels.swift in PBXBuildFile */,
				E0000000000000000000000A /* OPNDeviceIdentity.swift in PBXBuildFile */,
				E00000000000000000000002 /* OPNCoreAnimationCoordinator.swift in PBXBuildFile */,
				E0000000000000000000000F /* OPNLocale.swift in PBXBuildFile */,
				E00000000000000000000020 /* OPNGameRemediation.swift in PBXBuildFile */,
				E00000000000000000000022 /* OPNGFNError.swift in PBXBuildFile */,
				E00000000000000000000024 /* OPNProtocolDebug.swift in PBXBuildFile */,
				E0000000000000000000009B /* OPNLogCapture.swift in PBXBuildFile */,
				4C3E83E448564D2B9FBD3A10 /* OPNSentry.swift in PBXBuildFile */,
				3BC225D2A5926453B554382C /* OPNUIHelpers.swift in PBXBuildFile */,
				E0000000000000000000000B /* OPNGameDataCache.swift in PBXBuildFile */,
				E0000000000000000000000D /* OPNGameService.swift in PBXBuildFile */,
				E00000000000000000000099 /* OPNDiscordPresence.swift in PBXBuildFile */,
				E00000000000000000000059 /* OPNSentryTransactionBridge.swift in PBXBuildFile */,
				E00000000000000000000042 /* OPNGitHubUpdater.swift in PBXBuildFile */,
				E0000000000000000000003E /* OPNHTTP.swift in PBXBuildFile */,
				E000000000000000000000AA /* OPNInputProtocol.swift in PBXBuildFile */,
				E00000000000000000000044 /* OPNStreamSessionInputBridge.mm in PBXBuildFile */,
				E00000000000000000000047 /* OPNStreamSessionCallbackBridge.mm in PBXBuildFile */,
				E00000000000000000000050 /* OPNStreamSessionLaunchBridge.mm in PBXBuildFile */,
				E00000000000000000000063 /* OPNWebRTCSdpUtils.mm in PBXBuildFile */,
				E00000000000000000000066 /* OPNWebRTCCodecSupport.mm in PBXBuildFile */,
				E0000000000000000000006C /* OPNMetalVideoView.mm in PBXBuildFile */,
				E0000000000000000000006F /* OPNCoreAudioRTCDevice.mm in PBXBuildFile */,
				E00000000000000000000072 /* OPNLibWebRTCSessionImpl.mm in PBXBuildFile */,
				E00000000000000000000075 /* OPNLibWebRTCInput.mm in PBXBuildFile */,
				E00000000000000000000077 /* OPNLibWebRTCStats.mm in PBXBuildFile */,
				E00000000000000000000079 /* OPNLibWebRTCAudio.mm in PBXBuildFile */,
				E0000000000000000000007B /* OPNLibWebRTCSessionSurface.mm in PBXBuildFile */,
				E0000000000000000000007D /* OPNLibWebRTCNegotiation.mm in PBXBuildFile */,
				E0000000000000000000007F /* OPNStreamSessionHandle.swift in PBXBuildFile */,
				E00000000000000000000082 /* OPNSessionManagerBridge.mm in PBXBuildFile */,
				E00000000000000000000088 /* OPNStreamStatsSnapshot.swift in PBXBuildFile */,
				01962D846ADB16CBCA18D4C3 /* OPNLibWebRTCStreamSession.mm in PBXBuildFile */,
				A00000000000000000000024 /* OPNSessionHealthReport.swift in PBXBuildFile */,
				33078ABB312F4AD2D88BE57B /* OPNSessionManager.mm in PBXBuildFile */,
				E00000000000000000000030 /* OPNWebSocketSignalingClient.swift in PBXBuildFile */,
				E00000000000000000000033 /* OPNSessionReportPayload.swift in PBXBuildFile */,
				6AD819D53010E3BBC30EF1FA /* OPNStreamPreferences.mm in PBXBuildFile */,
				13182ACD531F1FAD11E51698 /* OPNStreamRecordingManager.swift in PBXBuildFile */,
				FE6A155D74A6768A507DF3AB /* OPNStreamView.swift in PBXBuildFile */,
				B7A5D83CDE90AD71AD004AF7 /* OPNStreamViewController.mm in PBXBuildFile */,
				A00000000000000000000026 /* OPNVideoEnhancementRenderer.mm in PBXBuildFile */,
				E00000000000000000000003 /* OPNVideoEnhancementSettings.swift in PBXBuildFile */,
				E00000000000000000000004 /* OPNVideoSurfaceView.swift in PBXBuildFile */,
				C00000000000000000000047 /* OPNActiveSessionService.swift in PBXBuildFile */,
				E00000000000000000000026 /* OPNStreamPreferences.swift in PBXBuildFile */,
				E00000000000000000000036 /* OPNAuthenticatingView.swift in PBXBuildFile */,
				E00000000000000000000005 /* OPNBackdropView.swift in PBXBuildFile */,
				E00000000000000000000006 /* OPNCarouselFocusLayout.swift in PBXBuildFile */,
				E00000000000000000000038 /* OPNCloudmatchServerPickerView.swift in PBXBuildFile */,
				E0000000000000000000002E /* OPNEmailEntryView.swift in PBXBuildFile */,
				E00000000000000000000007 /* OPNErrorView.swift in PBXBuildFile */,
				E00000000000000000000008 /* OPNViewSwiftSupport.swift in PBXBuildFile */,
				E0000000000000000000002A /* OPNGameCardView.swift in PBXBuildFile */,
				E61312258EEB2041AA067B25 /* OPNGameCatalogView.swift in PBXBuildFile */,
				E61312258EEB2041AA067B26 /* OPNGameCatalogModelSupport.swift in PBXBuildFile */,
				D0000000000000000000003C /* OPNGameCatalogLayoutSupport.swift in PBXBuildFile */,
				D0000000000000000000003B /* OPNGameCatalogSearchSupport.swift in PBXBuildFile */,
				D00000000000000000000032 /* OPNGameCatalogArtworkSupport.swift in PBXBuildFile */,
				D00000000000000000000033 /* OPNGameCatalogMetadataSupport.swift in PBXBuildFile */,
				D00000000000000000000034 /* OPNStoreGameTile.swift in PBXBuildFile */,
				D00000000000000000000036 /* OPNGameCatalogView+Data.swift in PBXBuildFile */,
				D00000000000000000000037 /* OPNGameCatalogView+Search.swift in PBXBuildFile */,
				D00000000000000000000038 /* OPNGameCatalogView+Hero.swift in PBXBuildFile */,
				D00000000000000000000039 /* OPNGameCatalogView+Rendering.swift in PBXBuildFile */,
				E0000000000000000000002C /* OPNLoadingView.swift in PBXBuildFile */,
				E00000000000000000000028 /* OPNSettingsView.swift in PBXBuildFile */,
				E0000000000000000000003A /* OPNSessionReportView.swift in PBXBuildFile */,
				20E194CFFBA3687D0A48D383 /* OPNPremiumBackdrop.metal in PBXBuildFile */,
			);
			runOnlyForDeploymentPostprocessing = 0;
		};
		/* End PBXSourcesBuildPhase section */
		/* Begin XCBuildConfiguration section */
		1724FF145197E9164F5B76E4 /* Debug in XCBuildConfiguration */ = {
			isa = XCBuildConfiguration;
			buildSettings = {ALWAYS_SEARCH_USER_PATHS = NO; CLANG_CXX_LANGUAGE_STANDARD = "c++20"; CLANG_CXX_LIBRARY = "libc++"; CLANG_ENABLE_OBJC_ARC = YES; CLANG_ENABLE_MODULES = YES; CLANG_ENABLE_OBJC_WEAK = YES; COPY_PHASE_STRIP = NO; ENABLE_STRICT_OBJC_MSGSEND = YES; GCC_C_LANGUAGE_STANDARD = gnu11; GCC_DYNAMIC_NO_PIC = NO; GCC_NO_COMMON_BLOCKS = YES; GCC_OPTIMIZATION_LEVEL = "0"; GCC_PREPROCESSOR_DEFINITIONS = (
				"DEBUG=1",
				"$(inherited)",
			); GCC_WARN_64_TO_32_BIT_CONVERSION = YES; GCC_WARN_ABOUT_RETURN_TYPE = YES_ERROR; GCC_WARN_UNDECLARED_SELECTOR = YES; GCC_WARN_UNINITIALIZED_AUTOS = YES_AGGRESSIVE; GCC_WARN_UNUSED_FUNCTION = YES; GCC_WARN_UNUSED_VARIABLE = YES; HEADER_SEARCH_PATHS = src; MACOSX_DEPLOYMENT_TARGET = "14.0"; ONLY_ACTIVE_ARCH = YES; SDKROOT = macosx; };
			name = Debug;
		};
		7848EBDA9E7CD840A379FE54 /* Debug in XCBuildConfiguration */ = {
			isa = XCBuildConfiguration;
			buildSettings = {ASSETCATALOG_COMPILER_APPICON_NAME = AppIcon; CLANG_ENABLE_MODULES = YES; CLANG_ENABLE_CXX_MODULES = YES; CODE_SIGN_STYLE = Automatic; COMBINE_HIDPI_IMAGES = YES; CURRENT_PROJECT_VERSION = "5"; GCC_PREPROCESSOR_DEFINITIONS = (
				"$(inherited)",
			); GENERATE_INFOPLIST_FILE = NO; HEADER_SEARCH_PATHS = (
				"$(inherited)",
			); INFOPLIST_FILE = OpenNOW-Info.plist; INFOPLIST_KEY_CFBundleDisplayName = OpenNOW; INFOPLIST_KEY_NSHighResolutionCapable = YES; LD_RUNPATH_SEARCH_PATHS = (
				"@executable_path/../Frameworks",
				"$(inherited)",
			); LIBRARY_SEARCH_PATHS = (
				"$(inherited)",
			); MARKETING_VERSION = "0.1.3"; PRODUCT_BUNDLE_IDENTIFIER = io.github.opencloudgaming.opennow; PRODUCT_NAME = "$(TARGET_NAME)"; FRAMEWORK_SEARCH_PATHS = (
				"$(inherited)",
				third_party/webrtc-official,
			); OTHER_LDFLAGS = (
				"-Wl,-rpath,third_party/webrtc-official",
			); OTHER_CFLAGS = (
				"-DOPN_HAVE_LIBWEBRTC=1",
				"-Wno-incomplete-umbrella",
			); OTHER_CPLUSPLUSFLAGS = (
				"$(inherited)",
				"-fcxx-modules",
			); SWIFT_OBJC_BRIDGING_HEADER = "OpenNOW-Bridging-Header.h"; SWIFT_VERSION = 6.0; };
			name = Debug;
		};
		15F569470662212ABEBAA581 /* Release in XCBuildConfiguration */ = {
			isa = XCBuildConfiguration;
			buildSettings = {ALWAYS_SEARCH_USER_PATHS = NO; CLANG_CXX_LANGUAGE_STANDARD = "c++20"; CLANG_CXX_LIBRARY = "libc++"; CLANG_ENABLE_OBJC_ARC = YES; CLANG_ENABLE_MODULES = YES; CLANG_ENABLE_OBJC_WEAK = YES; COPY_PHASE_STRIP = NO; DEBUG_INFORMATION_FORMAT = dwarf-with-dsym; ENABLE_NS_ASSERTIONS = NO; ENABLE_STRICT_OBJC_MSGSEND = YES; GCC_C_LANGUAGE_STANDARD = gnu11; GCC_NO_COMMON_BLOCKS = YES; GCC_OPTIMIZATION_LEVEL = "3"; GCC_PREPROCESSOR_DEFINITIONS = (
				"NDEBUG=1",
				"$(inherited)",
			); GCC_WARN_64_TO_32_BIT_CONVERSION = YES; GCC_WARN_ABOUT_RETURN_TYPE = YES_ERROR; GCC_WARN_UNDECLARED_SELECTOR = YES; GCC_WARN_UNINITIALIZED_AUTOS = YES_AGGRESSIVE; GCC_WARN_UNUSED_FUNCTION = YES; GCC_WARN_UNUSED_VARIABLE = YES; HEADER_SEARCH_PATHS = src; MACOSX_DEPLOYMENT_TARGET = "14.0"; SDKROOT = macosx; };
			name = Release;
		};
		8517C37176AB619154079A5B /* Release in XCBuildConfiguration */ = {
			isa = XCBuildConfiguration;
			buildSettings = {ASSETCATALOG_COMPILER_APPICON_NAME = AppIcon; CLANG_ENABLE_MODULES = YES; CLANG_ENABLE_CXX_MODULES = YES; CODE_SIGN_STYLE = Automatic; COMBINE_HIDPI_IMAGES = YES; CURRENT_PROJECT_VERSION = "5"; GCC_PREPROCESSOR_DEFINITIONS = (
				"$(inherited)",
			); GENERATE_INFOPLIST_FILE = NO; HEADER_SEARCH_PATHS = (
				"$(inherited)",
			); INFOPLIST_FILE = OpenNOW-Info.plist; INFOPLIST_KEY_CFBundleDisplayName = OpenNOW; INFOPLIST_KEY_NSHighResolutionCapable = YES; LD_RUNPATH_SEARCH_PATHS = (
				"@executable_path/../Frameworks",
				"$(inherited)",
			); LIBRARY_SEARCH_PATHS = (
				"$(inherited)",
			); MARKETING_VERSION = "0.1.3"; PRODUCT_BUNDLE_IDENTIFIER = io.github.opencloudgaming.opennow; PRODUCT_NAME = "$(TARGET_NAME)"; FRAMEWORK_SEARCH_PATHS = (
				"$(inherited)",
				third_party/webrtc-official,
			); OTHER_LDFLAGS = (
				"-Wl,-rpath,third_party/webrtc-official",
			); OTHER_CFLAGS = (
				"-DOPN_HAVE_LIBWEBRTC=1",
				"-Wno-incomplete-umbrella",
			); OTHER_CPLUSPLUSFLAGS = (
				"$(inherited)",
				"-fcxx-modules",
			); SWIFT_OBJC_BRIDGING_HEADER = "OpenNOW-Bridging-Header.h"; SWIFT_VERSION = 6.0; };
			name = Release;
		};
		/* End XCBuildConfiguration section */
		/* Begin XCConfigurationList section */
		20BCC7E5F659CA6CEA45224D = {
			isa = XCConfigurationList;
			buildConfigurations = (
				1724FF145197E9164F5B76E4 /* Debug in XCBuildConfiguration */,
				15F569470662212ABEBAA581 /* Release in XCBuildConfiguration */,
			);
			defaultConfigurationIsVisible = 0;
			defaultConfigurationName = Debug;
		};
		0492478C91E994548D3C8A2B = {
			isa = XCConfigurationList;
			buildConfigurations = (
				7848EBDA9E7CD840A379FE54 /* Debug in XCBuildConfiguration */,
				8517C37176AB619154079A5B /* Release in XCBuildConfiguration */,
			);
			defaultConfigurationIsVisible = 0;
			defaultConfigurationName = Debug;
		};
		/* End XCConfigurationList section */
	};
	rootObject = 5E5B09E6B59FF29FFCDE1423;
}
