// !$*UTF8*$!
{
	archiveVersion = 1;
	classes = {
	};
	objectVersion = 77;
	objects = {

/* Begin PBXBuildFile section */
		7729CE862FDEDAB500D5C9D5 /* WebRTC.framework in Frameworks */ = {isa = PBXBuildFile; fileRef = 7729CE872FDEDAB500D5C9D5 /* WebRTC.framework */; };
		7729CE882FDEDAB500D5C9D5 /* WebRTC.framework in Embed Frameworks */ = {isa = PBXBuildFile; fileRef = 7729CE872FDEDAB500D5C9D5 /* WebRTC.framework */; settings = {ATTRIBUTES = (CodeSignOnCopy, RemoveHeadersOnCopy, ); }; };
		7778758C2FDCA4F900B177D8 /* Jarvis in Frameworks */ = {isa = PBXBuildFile; productRef = 7778758B2FDCA4F900B177D8 /* Jarvis */; };
		7778758F2FDCA4F900B177D8 /* Starfleet in Frameworks */ = {isa = PBXBuildFile; productRef = 7778758E2FDCA4F900B177D8 /* Starfleet */; };
		777875922FDCA4F900B177D8 /* NesAuth in Frameworks */ = {isa = PBXBuildFile; productRef = 777875912FDCA4F900B177D8 /* NesAuth */; };
		A00000000000000000000101 /* CloudMatch in Frameworks */ = {isa = PBXBuildFile; productRef = A00000000000000000000201 /* CloudMatch */; };
		A00000000000000000000102 /* LCARS in Frameworks */ = {isa = PBXBuildFile; productRef = A00000000000000000000202 /* LCARS */; };
		A00000000000000000000103 /* GDN in Frameworks */ = {isa = PBXBuildFile; productRef = A00000000000000000000203 /* GDN */; };
		A00000000000000000000104 /* Ragnarok in Frameworks */ = {isa = PBXBuildFile; productRef = A00000000000000000000204 /* Ragnarok */; };
		A00000000000000000000105 /* UDS in Frameworks */ = {isa = PBXBuildFile; productRef = A00000000000000000000205 /* UDS */; };
		A00000000000000000000106 /* NetworkTest in Frameworks */ = {isa = PBXBuildFile; productRef = A00000000000000000000206 /* NetworkTest */; };
		A00000000000000000000108 /* SignalLinkKit in Frameworks */ = {isa = PBXBuildFile; productRef = A00000000000000000000208 /* SignalLinkKit */; };
		A00000000000000000000109 /* Common in Frameworks */ = {isa = PBXBuildFile; productRef = A00000000000000000000209 /* Common */; };
		A00000000000000000000110 /* WebRTCMedia in Frameworks */ = {isa = PBXBuildFile; productRef = A00000000000000000000210 /* WebRTCMedia */; };
		A00000000000000000000111 /* OpenNOWAuth in Frameworks */ = {isa = PBXBuildFile; productRef = A00000000000000000000211 /* OpenNOWAuth */; };
		A00000000000000000000112 /* OpenNOWGameServices in Frameworks */ = {isa = PBXBuildFile; productRef = A00000000000000000000212 /* OpenNOWGameServices */; };
		A00000000000000000000113 /* OpenNOWTelemetry in Frameworks */ = {isa = PBXBuildFile; productRef = A00000000000000000000213 /* OpenNOWTelemetry */; };
/* End PBXBuildFile section */

/* Begin PBXCopyFilesBuildPhase section */
		7729CE892FDEDAB500D5C9D5 /* Embed Frameworks */ = {
			isa = PBXCopyFilesBuildPhase;
			buildActionMask = 2147483647;
			dstPath = "";
			dstSubfolderSpec = 10;
			files = (
				7729CE882FDEDAB500D5C9D5 /* WebRTC.framework in Embed Frameworks */,
			);
			name = "Embed Frameworks";
			runOnlyForDeploymentPostprocessing = 0;
		};
/* End PBXCopyFilesBuildPhase section */

/* Begin PBXFileReference section */
		7729CE762FDEDAB300D5C9D5 /* OpenNOW.app */ = {isa = PBXFileReference; explicitFileType = wrapper.application; includeInIndex = 0; path = OpenNOW.app; sourceTree = BUILT_PRODUCTS_DIR; };
		7729CE872FDEDAB500D5C9D5 /* WebRTC.framework */ = {isa = PBXFileReference; lastKnownFileType = wrapper.framework; path = WebRTC.framework; sourceTree = "<group>"; };
		7729CE902FDF000000D5C9D5 /* OpenNOW.entitlements */ = {isa = PBXFileReference; lastKnownFileType = text.plist.entitlements; path = OpenNOW.entitlements; sourceTree = "<group>"; };
/* End PBXFileReference section */

/* Begin PBXFileSystemSynchronizedRootGroup section */
		7729CE782FDEDAB300D5C9D5 /* OpenNOW */ = {
			isa = PBXFileSystemSynchronizedRootGroup;
			path = OpenNOW;
			sourceTree = "<group>";
		};
/* End PBXFileSystemSynchronizedRootGroup section */

/* Begin PBXFrameworksBuildPhase section */
		7729CE732FDEDAB300D5C9D5 /* Frameworks */ = {
			isa = PBXFrameworksBuildPhase;
			buildActionMask = 2147483647;
			files = (
				7729CE862FDEDAB500D5C9D5 /* WebRTC.framework in Frameworks */,
				A00000000000000000000101 /* CloudMatch in Frameworks */,
				A00000000000000000000109 /* Common in Frameworks */,
				A00000000000000000000103 /* GDN in Frameworks */,
				7778758C2FDCA4F900B177D8 /* Jarvis in Frameworks */,
				A00000000000000000000102 /* LCARS in Frameworks */,
				777875922FDCA4F900B177D8 /* NesAuth in Frameworks */,
				A00000000000000000000106 /* NetworkTest in Frameworks */,
				A00000000000000000000111 /* OpenNOWAuth in Frameworks */,
				A00000000000000000000112 /* OpenNOWGameServices in Frameworks */,
				A00000000000000000000113 /* OpenNOWTelemetry in Frameworks */,
				A00000000000000000000104 /* Ragnarok in Frameworks */,
				A00000000000000000000108 /* SignalLinkKit in Frameworks */,
				7778758F2FDCA4F900B177D8 /* Starfleet in Frameworks */,
				A00000000000000000000105 /* UDS in Frameworks */,
				A00000000000000000000110 /* WebRTCMedia in Frameworks */,
			);
			runOnlyForDeploymentPostprocessing = 0;
		};
/* End PBXFrameworksBuildPhase section */

/* Begin PBXGroup section */
		7729CE6D2FDEDAB300D5C9D5 = {
			isa = PBXGroup;
			children = (
				7729CE782FDEDAB300D5C9D5 /* OpenNOW */,
				7729CE902FDF000000D5C9D5 /* OpenNOW.entitlements */,
				7729CE872FDEDAB500D5C9D5 /* WebRTC.framework */,
				7729CE772FDEDAB300D5C9D5 /* Products */,
			);
			sourceTree = "<group>";
		};
		7729CE772FDEDAB300D5C9D5 /* Products */ = {
			isa = PBXGroup;
			children = (
				7729CE762FDEDAB300D5C9D5 /* OpenNOW.app */,
			);
			name = Products;
			sourceTree = "<group>";
		};
/* End PBXGroup section */

/* Begin PBXNativeTarget section */
		7729CE752FDEDAB300D5C9D5 /* OpenNOW */ = {
			isa = PBXNativeTarget;
			buildConfigurationList = 7729CE832FDEDAB500D5C9D5 /* Build configuration list for PBXNativeTarget "OpenNOW" */;
			buildPhases = (
				7729CE722FDEDAB300D5C9D5 /* Sources */,
				7729CE732FDEDAB300D5C9D5 /* Frameworks */,
				7729CE892FDEDAB500D5C9D5 /* Embed Frameworks */,
				7729CE742FDEDAB300D5C9D5 /* Resources */,
			);
			buildRules = (
			);
			dependencies = (
			);
			fileSystemSynchronizedGroups = (
				7729CE782FDEDAB300D5C9D5 /* OpenNOW */,
			);
			name = OpenNOW;
			packageProductDependencies = (
				A00000000000000000000201 /* CloudMatch */,
				A00000000000000000000209 /* Common */,
				A00000000000000000000203 /* GDN */,
				7778758B2FDCA4F900B177D8 /* Jarvis */,
				A00000000000000000000202 /* LCARS */,
				777875912FDCA4F900B177D8 /* NesAuth */,
				A00000000000000000000206 /* NetworkTest */,
				A00000000000000000000211 /* OpenNOWAuth */,
				A00000000000000000000212 /* OpenNOWGameServices */,
				A00000000000000000000213 /* OpenNOWTelemetry */,
				A00000000000000000000204 /* Ragnarok */,
				A00000000000000000000208 /* SignalLinkKit */,
				7778758E2FDCA4F900B177D8 /* Starfleet */,
				A00000000000000000000205 /* UDS */,
				A00000000000000000000210 /* WebRTCMedia */,
			);
			productName = OpenNOW;
			productReference = 7729CE762FDEDAB300D5C9D5 /* OpenNOW.app */;
			productType = "com.apple.product-type.application";
		};
/* End PBXNativeTarget section */

/* Begin PBXProject section */
		7729CE6E2FDEDAB300D5C9D5 /* Project object */ = {
			isa = PBXProject;
			attributes = {
				BuildIndependentTargetsInParallel = 1;
				LastSwiftUpdateCheck = 2650;
				LastUpgradeCheck = 2650;
				TargetAttributes = {
					7729CE752FDEDAB300D5C9D5 = {
						CreatedOnToolsVersion = 26.5;
					};
				};
			};
			buildConfigurationList = 7729CE712FDEDAB300D5C9D5 /* Build configuration list for PBXProject "OpenNOW" */;
			developmentRegion = en;
			hasScannedForEncodings = 0;
			knownRegions = (
				en,
				Base,
			);
			mainGroup = 7729CE6D2FDEDAB300D5C9D5;
			minimizedProjectReferenceProxies = 1;
			packageReferences = (
				A00000000000000000000301 /* XCLocalSwiftPackageReference "GFN.CloudMatch" */,
				A00000000000000000000309 /* XCLocalSwiftPackageReference "OPN.Common" */,
				A00000000000000000000303 /* XCLocalSwiftPackageReference "GFN.GDN" */,
				7778758A2FDCA4F900B177D8 /* XCLocalSwiftPackageReference "GFN.Jarvis" */,
				A00000000000000000000302 /* XCLocalSwiftPackageReference "GFN.LCARS" */,
				777875902FDCA4F900B177D8 /* XCLocalSwiftPackageReference "GFN.NesAuth" */,
				A00000000000000000000306 /* XCLocalSwiftPackageReference "GFN.NetworkTest" */,
				A00000000000000000000311 /* XCLocalSwiftPackageReference "OPN.Auth" */,
				A00000000000000000000312 /* XCLocalSwiftPackageReference "OPN.GameServices" */,
				A00000000000000000000313 /* XCLocalSwiftPackageReference "OPN.Telemetry" */,
				A00000000000000000000304 /* XCLocalSwiftPackageReference "GFN.Ragnarok" */,
				A00000000000000000000308 /* XCLocalSwiftPackageReference "OPN.SignalLinkKit" */,
				7778758D2FDCA4F900B177D8 /* XCLocalSwiftPackageReference "GFN.Starfleet" */,
				A00000000000000000000305 /* XCLocalSwiftPackageReference "GFN.UDS" */,
				A00000000000000000000310 /* XCLocalSwiftPackageReference "OPN.WebRTC.Media" */,
			);
			preferredProjectObjectVersion = 77;
			productRefGroup = 7729CE772FDEDAB300D5C9D5 /* Products */;
			projectDirPath = "";
			projectRoot = "";
			targets = (
				7729CE752FDEDAB300D5C9D5 /* OpenNOW */,
			);
		};
/* End PBXProject section */

/* Begin PBXResourcesBuildPhase section */
		7729CE742FDEDAB300D5C9D5 /* Resources */ = {
			isa = PBXResourcesBuildPhase;
			buildActionMask = 2147483647;
			files = (
			);
			runOnlyForDeploymentPostprocessing = 0;
		};
/* End PBXResourcesBuildPhase section */

/* Begin PBXSourcesBuildPhase section */
		7729CE722FDEDAB300D5C9D5 /* Sources */ = {
			isa = PBXSourcesBuildPhase;
			buildActionMask = 2147483647;
			files = (
			);
			runOnlyForDeploymentPostprocessing = 0;
		};
/* End PBXSourcesBuildPhase section */

/* Begin XCBuildConfiguration section */
		7729CE812FDEDAB500D5C9D5 /* Debug */ = {
			isa = XCBuildConfiguration;
			buildSettings = {
				ALWAYS_SEARCH_USER_PATHS = NO;
				ASSETCATALOG_COMPILER_GENERATE_SWIFT_ASSET_SYMBOL_EXTENSIONS = YES;
				CLANG_ANALYZER_NONNULL = YES;
				CLANG_ANALYZER_NUMBER_OBJECT_CONVERSION = YES_AGGRESSIVE;
				CLANG_CXX_LANGUAGE_STANDARD = "gnu++20";
				CLANG_ENABLE_MODULES = YES;
				CLANG_ENABLE_OBJC_ARC = YES;
				CLANG_ENABLE_OBJC_WEAK = YES;
				CLANG_WARN_BLOCK_CAPTURE_AUTORELEASING = YES;
				CLANG_WARN_BOOL_CONVERSION = YES;
				CLANG_WARN_COMMA = YES;
				CLANG_WARN_CONSTANT_CONVERSION = YES;
				CLANG_WARN_DEPRECATED_OBJC_IMPLEMENTATIONS = YES;
				CLANG_WARN_DIRECT_OBJC_ISA_USAGE = YES_ERROR;
				CLANG_WARN_DOCUMENTATION_COMMENTS = YES;
				CLANG_WARN_EMPTY_BODY = YES;
				CLANG_WARN_ENUM_CONVERSION = YES;
				CLANG_WARN_INFINITE_RECURSION = YES;
				CLANG_WARN_INT_CONVERSION = YES;
				CLANG_WARN_NON_LITERAL_NULL_CONVERSION = YES;
				CLANG_WARN_OBJC_IMPLICIT_RETAIN_SELF = YES;
				CLANG_WARN_OBJC_LITERAL_CONVERSION = YES;
				CLANG_WARN_OBJC_ROOT_CLASS = YES_ERROR;
				CLANG_WARN_QUOTED_INCLUDE_IN_FRAMEWORK_HEADER = YES;
				CLANG_WARN_RANGE_LOOP_ANALYSIS = YES;
				CLANG_WARN_STRICT_PROTOTYPES = YES;
				CLANG_WARN_SUSPICIOUS_MOVE = YES;
				CLANG_WARN_UNGUARDED_AVAILABILITY = YES_AGGRESSIVE;
				CLANG_WARN_UNREACHABLE_CODE = YES;
				CLANG_WARN__DUPLICATE_METHOD_MATCH = YES;
				COPY_PHASE_STRIP = NO;
				DEBUG_INFORMATION_FORMAT = dwarf;
				DEVELOPMENT_TEAM = MPZW7ERR2D;
				ENABLE_STRICT_OBJC_MSGSEND = YES;
				ENABLE_TESTABILITY = YES;
				ENABLE_USER_SCRIPT_SANDBOXING = YES;
				GCC_C_LANGUAGE_STANDARD = gnu17;
				GCC_DYNAMIC_NO_PIC = NO;
				GCC_NO_COMMON_BLOCKS = YES;
				GCC_OPTIMIZATION_LEVEL = 0;
				GCC_PREPROCESSOR_DEFINITIONS = (
					"DEBUG=1",
					"$(inherited)",
				);
				GCC_WARN_64_TO_32_BIT_CONVERSION = YES;
				GCC_WARN_ABOUT_RETURN_TYPE = YES_ERROR;
				GCC_WARN_UNDECLARED_SELECTOR = YES;
				GCC_WARN_UNINITIALIZED_AUTOS = YES_AGGRESSIVE;
				GCC_WARN_UNUSED_FUNCTION = YES;
				GCC_WARN_UNUSED_VARIABLE = YES;
				LOCALIZATION_PREFERS_STRING_CATALOGS = YES;
				MACOSX_DEPLOYMENT_TARGET = 26.5;
				MTL_ENABLE_DEBUG_INFO = INCLUDE_SOURCE;
				MTL_FAST_MATH = YES;
				ONLY_ACTIVE_ARCH = YES;
				SDKROOT = macosx;
				SWIFT_ACTIVE_COMPILATION_CONDITIONS = "DEBUG $(inherited)";
				SWIFT_OPTIMIZATION_LEVEL = "-Onone";
			};
			name = Debug;
		};
		7729CE822FDEDAB500D5C9D5 /* Release */ = {
			isa = XCBuildConfiguration;
			buildSettings = {
				ALWAYS_SEARCH_USER_PATHS = NO;
				ASSETCATALOG_COMPILER_GENERATE_SWIFT_ASSET_SYMBOL_EXTENSIONS = YES;
				CLANG_ANALYZER_NONNULL = YES;
				CLANG_ANALYZER_NUMBER_OBJECT_CONVERSION = YES_AGGRESSIVE;
				CLANG_CXX_LANGUAGE_STANDARD = "gnu++20";
				CLANG_ENABLE_MODULES = YES;
				CLANG_ENABLE_OBJC_ARC = YES;
				CLANG_ENABLE_OBJC_WEAK = YES;
				CLANG_WARN_BLOCK_CAPTURE_AUTORELEASING = YES;
				CLANG_WARN_BOOL_CONVERSION = YES;
				CLANG_WARN_COMMA = YES;
				CLANG_WARN_CONSTANT_CONVERSION = YES;
				CLANG_WARN_DEPRECATED_OBJC_IMPLEMENTATIONS = YES;
				CLANG_WARN_DIRECT_OBJC_ISA_USAGE = YES_ERROR;
				CLANG_WARN_DOCUMENTATION_COMMENTS = YES;
				CLANG_WARN_EMPTY_BODY = YES;
				CLANG_WARN_ENUM_CONVERSION = YES;
				CLANG_WARN_INFINITE_RECURSION = YES;
				CLANG_WARN_INT_CONVERSION = YES;
				CLANG_WARN_NON_LITERAL_NULL_CONVERSION = YES;
				CLANG_WARN_OBJC_IMPLICIT_RETAIN_SELF = YES;
				CLANG_WARN_OBJC_LITERAL_CONVERSION = YES;
				CLANG_WARN_OBJC_ROOT_CLASS = YES_ERROR;
				CLANG_WARN_QUOTED_INCLUDE_IN_FRAMEWORK_HEADER = YES;
				CLANG_WARN_RANGE_LOOP_ANALYSIS = YES;
				CLANG_WARN_STRICT_PROTOTYPES = YES;
				CLANG_WARN_SUSPICIOUS_MOVE = YES;
				CLANG_WARN_UNGUARDED_AVAILABILITY = YES_AGGRESSIVE;
				CLANG_WARN_UNREACHABLE_CODE = YES;
				CLANG_WARN__DUPLICATE_METHOD_MATCH = YES;
				COPY_PHASE_STRIP = NO;
				DEBUG_INFORMATION_FORMAT = "dwarf-with-dsym";
				DEVELOPMENT_TEAM = MPZW7ERR2D;
				ENABLE_NS_ASSERTIONS = NO;
				ENABLE_STRICT_OBJC_MSGSEND = YES;
				ENABLE_USER_SCRIPT_SANDBOXING = YES;
				GCC_C_LANGUAGE_STANDARD = gnu17;
				GCC_NO_COMMON_BLOCKS = YES;
				GCC_WARN_64_TO_32_BIT_CONVERSION = YES;
				GCC_WARN_ABOUT_RETURN_TYPE = YES_ERROR;
				GCC_WARN_UNDECLARED_SELECTOR = YES;
				GCC_WARN_UNINITIALIZED_AUTOS = YES_AGGRESSIVE;
				GCC_WARN_UNUSED_FUNCTION = YES;
				GCC_WARN_UNUSED_VARIABLE = YES;
				LOCALIZATION_PREFERS_STRING_CATALOGS = YES;
				MACOSX_DEPLOYMENT_TARGET = 26.5;
				MTL_ENABLE_DEBUG_INFO = NO;
				MTL_FAST_MATH = YES;
				SDKROOT = macosx;
				SWIFT_COMPILATION_MODE = wholemodule;
			};
			name = Release;
		};
		7729CE842FDEDAB500D5C9D5 /* Debug */ = {
			isa = XCBuildConfiguration;
			buildSettings = {
				ASSETCATALOG_COMPILER_APPICON_NAME = AppIcon;
				ASSETCATALOG_COMPILER_GLOBAL_ACCENT_COLOR_NAME = AccentColor;
				CODE_SIGN_ENTITLEMENTS = OpenNOW.entitlements;
				CODE_SIGN_STYLE = Automatic;
				COMBINE_HIDPI_IMAGES = YES;
				CURRENT_PROJECT_VERSION = 28;
				DEVELOPMENT_TEAM = MPZW7ERR2D;
				ENABLE_APP_SANDBOX = YES;
				ENABLE_HARDENED_RUNTIME = YES;
				ENABLE_PREVIEWS = YES;
				ENABLE_USER_SELECTED_FILES = readonly;
				FRAMEWORK_SEARCH_PATHS = (
					"$(inherited)",
					"$(PROJECT_DIR)",
				);
				GENERATE_INFOPLIST_FILE = NO;
				INFOPLIST_FILE = "OpenNOW-Info.plist";
				INFOPLIST_KEY_NSHumanReadableCopyright = "";
				LD_RUNPATH_SEARCH_PATHS = (
					"$(inherited)",
					"@executable_path/../Frameworks",
				);
				MARKETING_VERSION = 1.26;
				PRODUCT_BUNDLE_IDENTIFIER = io.github.opencloudgaming.opennow;
				PRODUCT_NAME = "$(TARGET_NAME)";
				REGISTER_APP_GROUPS = YES;
				STRING_CATALOG_GENERATE_SYMBOLS = YES;
				SWIFT_APPROACHABLE_CONCURRENCY = YES;
				SWIFT_DEFAULT_ACTOR_ISOLATION = MainActor;
				SWIFT_EMIT_LOC_STRINGS = YES;
				SWIFT_UPCOMING_FEATURE_MEMBER_IMPORT_VISIBILITY = YES;
				SWIFT_VERSION = 5.0;
			};
			name = Debug;
		};
		7729CE852FDEDAB500D5C9D5 /* Release */ = {
			isa = XCBuildConfiguration;
			buildSettings = {
				ASSETCATALOG_COMPILER_APPICON_NAME = AppIcon;
				ASSETCATALOG_COMPILER_GLOBAL_ACCENT_COLOR_NAME = AccentColor;
				CODE_SIGN_ENTITLEMENTS = OpenNOW.entitlements;
				CODE_SIGN_STYLE = Automatic;
				COMBINE_HIDPI_IMAGES = YES;
				CURRENT_PROJECT_VERSION = 28;
				DEVELOPMENT_TEAM = MPZW7ERR2D;
				ENABLE_APP_SANDBOX = YES;
				ENABLE_HARDENED_RUNTIME = YES;
				ENABLE_PREVIEWS = YES;
				ENABLE_USER_SELECTED_FILES = readonly;
				FRAMEWORK_SEARCH_PATHS = (
					"$(inherited)",
					"$(PROJECT_DIR)",
				);
				GENERATE_INFOPLIST_FILE = NO;
				INFOPLIST_FILE = "OpenNOW-Info.plist";
				INFOPLIST_KEY_NSHumanReadableCopyright = "";
				LD_RUNPATH_SEARCH_PATHS = (
					"$(inherited)",
					"@executable_path/../Frameworks",
				);
				MARKETING_VERSION = 1.26;
				PRODUCT_BUNDLE_IDENTIFIER = io.github.opencloudgaming.opennow;
				PRODUCT_NAME = "$(TARGET_NAME)";
				REGISTER_APP_GROUPS = YES;
				STRING_CATALOG_GENERATE_SYMBOLS = YES;
				SWIFT_APPROACHABLE_CONCURRENCY = YES;
				SWIFT_DEFAULT_ACTOR_ISOLATION = MainActor;
				SWIFT_EMIT_LOC_STRINGS = YES;
				SWIFT_UPCOMING_FEATURE_MEMBER_IMPORT_VISIBILITY = YES;
				SWIFT_VERSION = 5.0;
			};
			name = Release;
		};
/* End XCBuildConfiguration section */

/* Begin XCConfigurationList section */
		7729CE712FDEDAB300D5C9D5 /* Build configuration list for PBXProject "OpenNOW" */ = {
			isa = XCConfigurationList;
			buildConfigurations = (
				7729CE812FDEDAB500D5C9D5 /* Debug */,
				7729CE822FDEDAB500D5C9D5 /* Release */,
			);
			defaultConfigurationIsVisible = 0;
			defaultConfigurationName = Release;
		};
		7729CE832FDEDAB500D5C9D5 /* Build configuration list for PBXNativeTarget "OpenNOW" */ = {
			isa = XCConfigurationList;
			buildConfigurations = (
				7729CE842FDEDAB500D5C9D5 /* Debug */,
				7729CE852FDEDAB500D5C9D5 /* Release */,
			);
			defaultConfigurationIsVisible = 0;
			defaultConfigurationName = Release;
		};
/* End XCConfigurationList section */

/* Begin XCLocalSwiftPackageReference section */
		7778758A2FDCA4F900B177D8 /* XCLocalSwiftPackageReference "GFN.Jarvis" */ = {
			isa = XCLocalSwiftPackageReference;
			relativePath = GFN.Jarvis;
		};
		7778758D2FDCA4F900B177D8 /* XCLocalSwiftPackageReference "GFN.Starfleet" */ = {
			isa = XCLocalSwiftPackageReference;
			relativePath = GFN.Starfleet;
		};
		777875902FDCA4F900B177D8 /* XCLocalSwiftPackageReference "GFN.NesAuth" */ = {
			isa = XCLocalSwiftPackageReference;
			relativePath = GFN.NesAuth;
		};
		A00000000000000000000301 /* XCLocalSwiftPackageReference "GFN.CloudMatch" */ = {
			isa = XCLocalSwiftPackageReference;
			relativePath = GFN.CloudMatch;
		};
		A00000000000000000000302 /* XCLocalSwiftPackageReference "GFN.LCARS" */ = {
			isa = XCLocalSwiftPackageReference;
			relativePath = GFN.LCARS;
		};
		A00000000000000000000303 /* XCLocalSwiftPackageReference "GFN.GDN" */ = {
			isa = XCLocalSwiftPackageReference;
			relativePath = GFN.GDN;
		};
		A00000000000000000000304 /* XCLocalSwiftPackageReference "GFN.Ragnarok" */ = {
			isa = XCLocalSwiftPackageReference;
			relativePath = GFN.Ragnarok;
		};
		A00000000000000000000305 /* XCLocalSwiftPackageReference "GFN.UDS" */ = {
			isa = XCLocalSwiftPackageReference;
			relativePath = GFN.UDS;
		};
		A00000000000000000000306 /* XCLocalSwiftPackageReference "GFN.NetworkTest" */ = {
			isa = XCLocalSwiftPackageReference;
			relativePath = GFN.NetworkTest;
		};
		A00000000000000000000308 /* XCLocalSwiftPackageReference "OPN.SignalLinkKit" */ = {
			isa = XCLocalSwiftPackageReference;
			relativePath = OPN.SignalLinkKit;
		};
		A00000000000000000000309 /* XCLocalSwiftPackageReference "OPN.Common" */ = {
			isa = XCLocalSwiftPackageReference;
			relativePath = OPN.Common;
		};
		A00000000000000000000310 /* XCLocalSwiftPackageReference "OPN.WebRTC.Media" */ = {
			isa = XCLocalSwiftPackageReference;
			relativePath = OPN.WebRTC.Media;
		};
		A00000000000000000000311 /* XCLocalSwiftPackageReference "OPN.Auth" */ = {
			isa = XCLocalSwiftPackageReference;
			relativePath = OPN.Auth;
		};
		A00000000000000000000312 /* XCLocalSwiftPackageReference "OPN.GameServices" */ = {
			isa = XCLocalSwiftPackageReference;
			relativePath = OPN.GameServices;
		};
		A00000000000000000000313 /* XCLocalSwiftPackageReference "OPN.Telemetry" */ = {
			isa = XCLocalSwiftPackageReference;
			relativePath = OPN.Telemetry;
		};
/* End XCLocalSwiftPackageReference section */

/* Begin XCSwiftPackageProductDependency section */
		7778758B2FDCA4F900B177D8 /* Jarvis */ = {
			isa = XCSwiftPackageProductDependency;
			package = 7778758A2FDCA4F900B177D8 /* XCLocalSwiftPackageReference "GFN.Jarvis" */;
			productName = Jarvis;
		};
		7778758E2FDCA4F900B177D8 /* Starfleet */ = {
			isa = XCSwiftPackageProductDependency;
			package = 7778758D2FDCA4F900B177D8 /* XCLocalSwiftPackageReference "GFN.Starfleet" */;
			productName = Starfleet;
		};
		777875912FDCA4F900B177D8 /* NesAuth */ = {
			isa = XCSwiftPackageProductDependency;
			package = 777875902FDCA4F900B177D8 /* XCLocalSwiftPackageReference "GFN.NesAuth" */;
			productName = NesAuth;
		};
		A00000000000000000000201 /* CloudMatch */ = {
			isa = XCSwiftPackageProductDependency;
			package = A00000000000000000000301 /* XCLocalSwiftPackageReference "GFN.CloudMatch" */;
			productName = CloudMatch;
		};
		A00000000000000000000202 /* LCARS */ = {
			isa = XCSwiftPackageProductDependency;
			package = A00000000000000000000302 /* XCLocalSwiftPackageReference "GFN.LCARS" */;
			productName = LCARS;
		};
		A00000000000000000000203 /* GDN */ = {
			isa = XCSwiftPackageProductDependency;
			package = A00000000000000000000303 /* XCLocalSwiftPackageReference "GFN.GDN" */;
			productName = GDN;
		};
		A00000000000000000000204 /* Ragnarok */ = {
			isa = XCSwiftPackageProductDependency;
			package = A00000000000000000000304 /* XCLocalSwiftPackageReference "GFN.Ragnarok" */;
			productName = Ragnarok;
		};
		A00000000000000000000205 /* UDS */ = {
			isa = XCSwiftPackageProductDependency;
			package = A00000000000000000000305 /* XCLocalSwiftPackageReference "GFN.UDS" */;
			productName = UDS;
		};
		A00000000000000000000206 /* NetworkTest */ = {
			isa = XCSwiftPackageProductDependency;
			package = A00000000000000000000306 /* XCLocalSwiftPackageReference "GFN.NetworkTest" */;
			productName = NetworkTest;
		};
		A00000000000000000000208 /* SignalLinkKit */ = {
			isa = XCSwiftPackageProductDependency;
			package = A00000000000000000000308 /* XCLocalSwiftPackageReference "OPN.SignalLinkKit" */;
			productName = SignalLinkKit;
		};
		A00000000000000000000209 /* Common */ = {
			isa = XCSwiftPackageProductDependency;
			package = A00000000000000000000309 /* XCLocalSwiftPackageReference "OPN.Common" */;
			productName = Common;
		};
		A00000000000000000000210 /* WebRTCMedia */ = {
			isa = XCSwiftPackageProductDependency;
			package = A00000000000000000000310 /* XCLocalSwiftPackageReference "OPN.WebRTC.Media" */;
			productName = WebRTCMedia;
		};
		A00000000000000000000211 /* OpenNOWAuth */ = {
			isa = XCSwiftPackageProductDependency;
			package = A00000000000000000000311 /* XCLocalSwiftPackageReference "OPN.Auth" */;
			productName = OpenNOWAuth;
		};
		A00000000000000000000212 /* OpenNOWGameServices */ = {
			isa = XCSwiftPackageProductDependency;
			package = A00000000000000000000312 /* XCLocalSwiftPackageReference "OPN.GameServices" */;
			productName = OpenNOWGameServices;
		};
		A00000000000000000000213 /* OpenNOWTelemetry */ = {
			isa = XCSwiftPackageProductDependency;
			package = A00000000000000000000313 /* XCLocalSwiftPackageReference "OPN.Telemetry" */;
			productName = OpenNOWTelemetry;
		};
/* End XCSwiftPackageProductDependency section */
	};
	rootObject = 7729CE6E2FDEDAB300D5C9D5 /* Project object */;
}
