{
  "originHash" : "95388830900165bfbbe0a18651f9176dc343b5e43b800e628d72950614cb9d0f",
  "pins" : [
    {
      "identity" : "sentry-cocoa",
      "kind" : "remoteSourceControl",
      "location" : "https://github.com/getsentry/sentry-cocoa.git",
      "state" : {
        "revision" : "2c420d31d0c31b525fa9e7c552ef0fc9d924befc",
        "version" : "9.17.1"
      }
    }
  ],
  "version" : 3
}
