{
  "originHash" : "151ed2a12dbdbf9a11e066a554ab35787b2b3e41fcc182316023f8d31bd7eae0",
  "pins" : [
    {
      "identity" : "sentry-cocoa",
      "kind" : "remoteSourceControl",
      "location" : "https://github.com/getsentry/sentry-cocoa.git",
      "state" : {
        "revision" : "2c420d31d0c31b525fa9e7c552ef0fc9d924befc",
        "version" : "9.17.1"
      }
    }
  ],
  "version" : 3
}
