{
  "originHash" : "da8806233e49d7ed5da6933994c0ded74537224607031af91a14f3922de21bc7",
  "pins" : [
    {
      "identity" : "sentry-cocoa",
      "kind" : "remoteSourceControl",
      "location" : "https://github.com/getsentry/sentry-cocoa.git",
      "state" : {
        "revision" : "43abfbf9a26089ad34604c718ad0935440caf1d4",
        "version" : "9.18.0"
      }
    }
  ],
  "version" : 3
}
